// !$*UTF8*$!
{
	archiveVersion = 1;
	classes = {
	};
	objectVersion = 48;
	objects = {

/* Begin PBXBuildFile section */
		696C05DE1F9B37AF00046B62 /* Core.h in Headers */ = {isa = PBXBuildFile; fileRef = 696C05DC1F9B37AF00046B62 /* Core.h */; settings = {ATTRIBUTES = (Public, ); }; };
		696C05E11F9B37AF00046B62 /* Core.framework in Frameworks */ = {isa = PBXBuildFile; fileRef = 696C05DA1F9B37AF00046B62 /* Core.framework */; };
		696C05E21F9B37AF00046B62 /* Core.framework in Embed Frameworks */ = {isa = PBXBuildFile; fileRef = 696C05DA1F9B37AF00046B62 /* Core.framework */; settings = {ATTRIBUTES = (CodeSignOnCopy, RemoveHeadersOnCopy, ); }; };
/* End PBXBuildFile section */

/* Begin PBXContainerItemProxy section */
		696C05DF1F9B37AF00046B62 /* PBXContainerItemProxy */ = {
			isa = PBXContainerItemProxy;
			containerPortal = 696C05B81F9AFB6200046B62 /* Project object */;
			proxyType = 1;
			remoteGlobalIDString = 696C05D91F9B37AF00046B62;
			remoteInfo = Core;
		};
/* End PBXContainerItemProxy section */

/* Begin PBXCopyFilesBuildPhase section */
		696C05E61F9B37AF00046B62 /* Embed Frameworks */ = {
			isa = PBXCopyFilesBuildPhase;
			buildActionMask = 2147483647;
			dstPath = "";
			dstSubfolderSpec = 10;
			files = (
				696C05E21F9B37AF00046B62 /* Core.framework in Embed Frameworks */,
			);
			name = "Embed Frameworks";
			runOnlyForDeploymentPostprocessing = 0;
		};
/* End PBXCopyFilesBuildPhase section */

/* Begin PBXFileReference section */
		696C05C01F9AFB6300046B62 /* HerosAtWork.app */ = {isa = PBXFileReference; explicitFileType = wrapper.application; includeInIndex = 0; path = HerosAtWork.app; sourceTree = BUILT_PRODUCTS_DIR; };
		696C05CF1F9AFB6300046B62 /* Info.plist */ = {isa = PBXFileReference; lastKnownFileType = text.plist.xml; path = Info.plist; sourceTree = "<group>"; };
		696C05DA1F9B37AF00046B62 /* Core.framework */ = {isa = PBXFileReference; explicitFileType = wrapper.framework; includeInIndex = 0; path = Core.framework; sourceTree = BUILT_PRODUCTS_DIR; };
		696C05DC1F9B37AF00046B62 /* Core.h */ = {isa = PBXFileReference; lastKnownFileType = sourcecode.c.h; path = Core.h; sourceTree = "<group>"; };
		696C05DD1F9B37AF00046B62 /* Info.plist */ = {isa = PBXFileReference; lastKnownFileType = text.plist.xml; path = Info.plist; sourceTree = "<group>"; };
		696C05E91F9B3A6300046B62 /* LaunchScreen.storyboard */ = {isa = PBXFileReference; lastKnownFileType = file.storyboard; path = LaunchScreen.storyboard; sourceTree = "<group>"; };
		696C05EA1F9B3A6300046B62 /* Authentication.storyboard */ = {isa = PBXFileReference; lastKnownFileType = file.storyboard; path = Authentication.storyboard; sourceTree = "<group>"; };
		696C05EC1F9B3A6300046B62 /* ViewController.swift */ = {isa = PBXFileReference; lastKnownFileType = sourcecode.swift; path = ViewController.swift; sourceTree = "<group>"; };
		696C05F71F9B3A6300046B62 /* AppDelegate.swift */ = {isa = PBXFileReference; lastKnownFileType = sourcecode.swift; path = AppDelegate.swift; sourceTree = "<group>"; };
		696C05FA1F9B3A6300046B62 /* Assets.xcassets */ = {isa = PBXFileReference; lastKnownFileType = folder.assetcatalog; path = Assets.xcassets; sourceTree = "<group>"; };
		696C06071F9B3B8F00046B62 /* NSError+Helper.swift */ = {isa = PBXFileReference; lastKnownFileType = sourcecode.swift; path = "NSError+Helper.swift"; sourceTree = "<group>"; };
		696C06081F9B3B8F00046B62 /* String+Size.swift */ = {isa = PBXFileReference; lastKnownFileType = sourcecode.swift; path = "String+Size.swift"; sourceTree = "<group>"; };
		696C06091F9B3B9000046B62 /* Date+Format.swift */ = {isa = PBXFileReference; lastKnownFileType = sourcecode.swift; path = "Date+Format.swift"; sourceTree = "<group>"; };
		696C060A1F9B3B9000046B62 /* NumberFormatter+Help.swift */ = {isa = PBXFileReference; lastKnownFileType = sourcecode.swift; path = "NumberFormatter+Help.swift"; sourceTree = "<group>"; };
		696C060B1F9B3B9000046B62 /* UIImage+Color.swift */ = {isa = PBXFileReference; lastKnownFileType = sourcecode.swift; path = "UIImage+Color.swift"; sourceTree = "<group>"; };
		696C060C1F9B3B9000046B62 /* UIImage+Oritentation.swift */ = {isa = PBXFileReference; lastKnownFileType = sourcecode.swift; path = "UIImage+Oritentation.swift"; sourceTree = "<group>"; };
		696C060D1F9B3B9000046B62 /* Date+JavascriptTimestamp.swift */ = {isa = PBXFileReference; lastKnownFileType = sourcecode.swift; path = "Date+JavascriptTimestamp.swift"; sourceTree = "<group>"; };
		696C060E1F9B3B9000046B62 /* NSNumber+Helper.swift */ = {isa = PBXFileReference; lastKnownFileType = sourcecode.swift; path = "NSNumber+Helper.swift"; sourceTree = "<group>"; };
		696C06101F9B3B9000046B62 /* DateFormatter+Helper.swift */ = {isa = PBXFileReference; lastKnownFileType = sourcecode.swift; path = "DateFormatter+Helper.swift"; sourceTree = "<group>"; };
		696C06111F9B3B9000046B62 /* String+Regex.swift */ = {isa = PBXFileReference; lastKnownFileType = sourcecode.swift; path = "String+Regex.swift"; sourceTree = "<group>"; };
		696C06121F9B3B9000046B62 /* String+Html.swift */ = {isa = PBXFileReference; lastKnownFileType = sourcecode.swift; path = "String+Html.swift"; sourceTree = "<group>"; };
		696C06131F9B3B9100046B62 /* UIColor+Helper.swift */ = {isa = PBXFileReference; lastKnownFileType = sourcecode.swift; path = "UIColor+Helper.swift"; sourceTree = "<group>"; };
		696C06141F9B3B9100046B62 /* Double+Format.swift */ = {isa = PBXFileReference; lastKnownFileType = sourcecode.swift; path = "Double+Format.swift"; sourceTree = "<group>"; };
		696C06151F9B3B9100046B62 /* String+Validation.swift */ = {isa = PBXFileReference; lastKnownFileType = sourcecode.swift; path = "String+Validation.swift"; sourceTree = "<group>"; };
		696C06161F9B3B9100046B62 /* String+Cast.swift */ = {isa = PBXFileReference; lastKnownFileType = sourcecode.swift; path = "String+Cast.swift"; sourceTree = "<group>"; };
		696C06181F9B3BBD00046B62 /* UIVIew+Help.swift */ = {isa = PBXFileReference; lastKnownFileType = sourcecode.swift; path = "UIVIew+Help.swift"; sourceTree = "<group>"; };
		696C06191F9B3BBD00046B62 /* UIWindow+Transition.swift */ = {isa = PBXFileReference; lastKnownFileType = sourcecode.swift; path = "UIWindow+Transition.swift"; sourceTree = "<group>"; };
		696C061A1F9B3BBD00046B62 /* UIViewController+Help.swift */ = {isa = PBXFileReference; lastKnownFileType = sourcecode.swift; path = "UIViewController+Help.swift"; sourceTree = "<group>"; };
		696C061B1F9B3BBD00046B62 /* UINavigationController+Navigation.swift */ = {isa = PBXFileReference; lastKnownFileType = sourcecode.swift; path = "UINavigationController+Navigation.swift"; sourceTree = "<group>"; };
		696C061C1F9B3BBD00046B62 /* UIViewController+Alert.swift */ = {isa = PBXFileReference; lastKnownFileType = sourcecode.swift; path = "UIViewController+Alert.swift"; sourceTree = "<group>"; };
		696C061D1F9B3BBD00046B62 /* UIView+Nib.swift */ = {isa = PBXFileReference; lastKnownFileType = sourcecode.swift; path = "UIView+Nib.swift"; sourceTree = "<group>"; };
		696C061E1F9B3BBD00046B62 /* CALayer+Animation.swift */ = {isa = PBXFileReference; lastKnownFileType = sourcecode.swift; path = "CALayer+Animation.swift"; sourceTree = "<group>"; };
/* End PBXFileReference section */

/* Begin PBXFrameworksBuildPhase section */
		696C05BD1F9AFB6200046B62 /* Frameworks */ = {
			isa = PBXFrameworksBuildPhase;
			buildActionMask = 2147483647;
			files = (
				696C05E11F9B37AF00046B62 /* Core.framework in Frameworks */,
			);
			runOnlyForDeploymentPostprocessing = 0;
		};
		696C05D61F9B37AF00046B62 /* Frameworks */ = {
			isa = PBXFrameworksBuildPhase;
			buildActionMask = 2147483647;
			files = (
			);
			runOnlyForDeploymentPostprocessing = 0;
		};
/* End PBXFrameworksBuildPhase section */

/* Begin PBXGroup section */
		6949C3631F9B4030003E94DC /* Login */ = {
			isa = PBXGroup;
			children = (
			);
			path = Login;
			sourceTree = "<group>";
		};
		6949C3641F9B4046003E94DC /* Registration */ = {
			isa = PBXGroup;
			children = (
			);
			path = Registration;
			sourceTree = "<group>";
		};
		696C05B71F9AFB6200046B62 = {
			isa = PBXGroup;
			children = (
				696C05C21F9AFB6300046B62 /* HerosAtWork */,
				696C05DB1F9B37AF00046B62 /* Core */,
				696C05C11F9AFB6300046B62 /* Products */,
			);
			sourceTree = "<group>";
		};
		696C05C11F9AFB6300046B62 /* Products */ = {
			isa = PBXGroup;
			children = (
				696C05C01F9AFB6300046B62 /* HerosAtWork.app */,
				696C05DA1F9B37AF00046B62 /* Core.framework */,
			);
			name = Products;
			sourceTree = "<group>";
		};
		696C05C21F9AFB6300046B62 /* HerosAtWork */ = {
			isa = PBXGroup;
			children = (
				696C05F61F9B3A6300046B62 /* AppDelegate */,
				696C05F51F9B3A6300046B62 /* Extensions */,
				696C05F41F9B3A6300046B62 /* External */,
				696C05F81F9B3A6300046B62 /* Managers */,
				696C05E71F9B3A6300046B62 /* Presentation */,
				696C05F91F9B3A6300046B62 /* Resources */,
				696C05CF1F9AFB6300046B62 /* Info.plist */,
			);
			path = HerosAtWork;
			sourceTree = "<group>";
		};
		696C05DB1F9B37AF00046B62 /* Core */ = {
			isa = PBXGroup;
			children = (
				696C05FB1F9B3A7900046B62 /* Extensions */,
				696C06001F9B3A7A00046B62 /* Managers */,
				696C05FF1F9B3A7900046B62 /* Model */,
				696C05FE1F9B3A7900046B62 /* Resources */,
				696C06011F9B3A7A00046B62 /* Services */,
				696C05DC1F9B37AF00046B62 /* Core.h */,
				696C05DD1F9B37AF00046B62 /* Info.plist */,
			);
			path = Core;
			sourceTree = "<group>";
		};
		696C05E71F9B3A6300046B62 /* Presentation */ = {
			isa = PBXGroup;
			children = (
				696C05E81F9B3A6300046B62 /* Storyboards */,
				696C05EB1F9B3A6300046B62 /* ViewControllers */,
				696C06041F9B3A8500046B62 /* ViewModel */,
				696C05ED1F9B3A6300046B62 /* Views */,
			);
			path = Presentation;
			sourceTree = "<group>";
		};
		696C05E81F9B3A6300046B62 /* Storyboards */ = {
			isa = PBXGroup;
			children = (
				696C05E91F9B3A6300046B62 /* LaunchScreen.storyboard */,
				696C05EA1F9B3A6300046B62 /* Authentication.storyboard */,
			);
			path = Storyboards;
			sourceTree = "<group>";
		};
		696C05EB1F9B3A6300046B62 /* ViewControllers */ = {
			isa = PBXGroup;
			children = (
				6949C3631F9B4030003E94DC /* Login */,
				6949C3641F9B4046003E94DC /* Registration */,
				696C05EC1F9B3A6300046B62 /* ViewController.swift */,
			);
			path = ViewControllers;
			sourceTree = "<group>";
		};
		696C05ED1F9B3A6300046B62 /* Views */ = {
			isa = PBXGroup;
			children = (
				696C05EE1F9B3A6300046B62 /* Buttons */,
				696C05EF1F9B3A6300046B62 /* TextFields */,
				696C05F01F9B3A6300046B62 /* TableViewCells */,
				696C05F11F9B3A6300046B62 /* Labels */,
				696C05F21F9B3A6300046B62 /* CollectionViewCells */,
				696C05F31F9B3A6300046B62 /* Views */,
			);
			path = Views;
			sourceTree = "<group>";
		};
		696C05EE1F9B3A6300046B62 /* Buttons */ = {
			isa = PBXGroup;
			children = (
			);
			path = Buttons;
			sourceTree = "<group>";
		};
		696C05EF1F9B3A6300046B62 /* TextFields */ = {
			isa = PBXGroup;
			children = (
			);
			path = TextFields;
			sourceTree = "<group>";
		};
		696C05F01F9B3A6300046B62 /* TableViewCells */ = {
			isa = PBXGroup;
			children = (
			);
			path = TableViewCells;
			sourceTree = "<group>";
		};
		696C05F11F9B3A6300046B62 /* Labels */ = {
			isa = PBXGroup;
			children = (
			);
			path = Labels;
			sourceTree = "<group>";
		};
		696C05F21F9B3A6300046B62 /* CollectionViewCells */ = {
			isa = PBXGroup;
			children = (
			);
			path = CollectionViewCells;
			sourceTree = "<group>";
		};
		696C05F31F9B3A6300046B62 /* Views */ = {
			isa = PBXGroup;
			children = (
			);
			path = Views;
			sourceTree = "<group>";
		};
		696C05F41F9B3A6300046B62 /* External */ = {
			isa = PBXGroup;
			children = (
			);
			path = External;
			sourceTree = "<group>";
		};
		696C05F51F9B3A6300046B62 /* Extensions */ = {
			isa = PBXGroup;
			children = (
				696C06051F9B3B5000046B62 /* General */,
				696C06061F9B3B5E00046B62 /* AyniLab */,
			);
			path = Extensions;
			sourceTree = "<group>";
		};
		696C05F61F9B3A6300046B62 /* AppDelegate */ = {
			isa = PBXGroup;
			children = (
				696C05F71F9B3A6300046B62 /* AppDelegate.swift */,
			);
			path = AppDelegate;
			sourceTree = "<group>";
		};
		696C05F81F9B3A6300046B62 /* Managers */ = {
			isa = PBXGroup;
			children = (
			);
			path = Managers;
			sourceTree = "<group>";
		};
		696C05F91F9B3A6300046B62 /* Resources */ = {
			isa = PBXGroup;
			children = (
				696C05FA1F9B3A6300046B62 /* Assets.xcassets */,
			);
			path = Resources;
			sourceTree = "<group>";
		};
		696C05FB1F9B3A7900046B62 /* Extensions */ = {
			isa = PBXGroup;
			children = (
				696C05FC1F9B3A7900046B62 /* General */,
				696C05FD1F9B3A7900046B62 /* AyniLab */,
			);
			path = Extensions;
			sourceTree = "<group>";
		};
		696C05FC1F9B3A7900046B62 /* General */ = {
			isa = PBXGroup;
			children = (
				696C06091F9B3B9000046B62 /* Date+Format.swift */,
				696C060D1F9B3B9000046B62 /* Date+JavascriptTimestamp.swift */,
				696C06101F9B3B9000046B62 /* DateFormatter+Helper.swift */,
				696C06141F9B3B9100046B62 /* Double+Format.swift */,
				696C06071F9B3B8F00046B62 /* NSError+Helper.swift */,
				696C060E1F9B3B9000046B62 /* NSNumber+Helper.swift */,
				696C060A1F9B3B9000046B62 /* NumberFormatter+Help.swift */,
				696C06161F9B3B9100046B62 /* String+Cast.swift */,
				696C06121F9B3B9000046B62 /* String+Html.swift */,
				696C06111F9B3B9000046B62 /* String+Regex.swift */,
				696C06081F9B3B8F00046B62 /* String+Size.swift */,
				696C06151F9B3B9100046B62 /* String+Validation.swift */,
				696C06131F9B3B9100046B62 /* UIColor+Helper.swift */,
				696C060B1F9B3B9000046B62 /* UIImage+Color.swift */,
				696C060C1F9B3B9000046B62 /* UIImage+Oritentation.swift */,
			);
			path = General;
			sourceTree = "<group>";
		};
		696C05FD1F9B3A7900046B62 /* AyniLab */ = {
			isa = PBXGroup;
			children = (
			);
			path = AyniLab;
			sourceTree = "<group>";
		};
		696C05FE1F9B3A7900046B62 /* Resources */ = {
			isa = PBXGroup;
			children = (
			);
			path = Resources;
			sourceTree = "<group>";
		};
		696C05FF1F9B3A7900046B62 /* Model */ = {
			isa = PBXGroup;
			children = (
			);
			path = Model;
			sourceTree = "<group>";
		};
		696C06001F9B3A7A00046B62 /* Managers */ = {
			isa = PBXGroup;
			children = (
			);
			path = Managers;
			sourceTree = "<group>";
		};
		696C06011F9B3A7A00046B62 /* Services */ = {
			isa = PBXGroup;
			children = (
				696C06021F9B3A7A00046B62 /* Network */,
				696C06031F9B3A7A00046B62 /* Local */,
			);
			path = Services;
			sourceTree = "<group>";
		};
		696C06021F9B3A7A00046B62 /* Network */ = {
			isa = PBXGroup;
			children = (
			);
			path = Network;
			sourceTree = "<group>";
		};
		696C06031F9B3A7A00046B62 /* Local */ = {
			isa = PBXGroup;
			children = (
			);
			path = Local;
			sourceTree = "<group>";
		};
		696C06041F9B3A8500046B62 /* ViewModel */ = {
			isa = PBXGroup;
			children = (
			);
			path = ViewModel;
			sourceTree = "<group>";
		};
		696C06051F9B3B5000046B62 /* General */ = {
			isa = PBXGroup;
			children = (
				696C061E1F9B3BBD00046B62 /* CALayer+Animation.swift */,
				696C061B1F9B3BBD00046B62 /* UINavigationController+Navigation.swift */,
				696C06181F9B3BBD00046B62 /* UIVIew+Help.swift */,
				696C061D1F9B3BBD00046B62 /* UIView+Nib.swift */,
				696C061C1F9B3BBD00046B62 /* UIViewController+Alert.swift */,
				696C061A1F9B3BBD00046B62 /* UIViewController+Help.swift */,
				696C06191F9B3BBD00046B62 /* UIWindow+Transition.swift */,
			);
			path = General;
			sourceTree = "<group>";
		};
		696C06061F9B3B5E00046B62 /* AyniLab */ = {
			isa = PBXGroup;
			children = (
			);
			path = AyniLab;
			sourceTree = "<group>";
		};
/* End PBXGroup section */

/* Begin PBXHeadersBuildPhase section */
		696C05D71F9B37AF00046B62 /* Headers */ = {
			isa = PBXHeadersBuildPhase;
			buildActionMask = 2147483647;
			files = (
				696C05DE1F9B37AF00046B62 /* Core.h in Headers */,
			);
			runOnlyForDeploymentPostprocessing = 0;
		};
/* End PBXHeadersBuildPhase section */

/* Begin PBXNativeTarget section */
		696C05BF1F9AFB6200046B62 /* HerosAtWork */ = {
			isa = PBXNativeTarget;
			buildConfigurationList = 696C05D21F9AFB6300046B62 /* Build configuration list for PBXNativeTarget "HerosAtWork" */;
			buildPhases = (
				696C05BC1F9AFB6200046B62 /* Sources */,
				696C05BD1F9AFB6200046B62 /* Frameworks */,
				696C05BE1F9AFB6200046B62 /* Resources */,
				696C05E61F9B37AF00046B62 /* Embed Frameworks */,
			);
			buildRules = (
			);
			dependencies = (
				696C05E01F9B37AF00046B62 /* PBXTargetDependency */,
			);
			name = HerosAtWork;
			productName = HerosAtWork;
			productReference = 696C05C01F9AFB6300046B62 /* HerosAtWork.app */;
			productType = "com.apple.product-type.application";
		};
		696C05D91F9B37AF00046B62 /* Core */ = {
			isa = PBXNativeTarget;
			buildConfigurationList = 696C05E31F9B37AF00046B62 /* Build configuration list for PBXNativeTarget "Core" */;
			buildPhases = (
				696C05D51F9B37AF00046B62 /* Sources */,
				696C05D61F9B37AF00046B62 /* Frameworks */,
				696C05D71F9B37AF00046B62 /* Headers */,
				696C05D81F9B37AF00046B62 /* Resources */,
			);
			buildRules = (
			);
			dependencies = (
			);
			name = Core;
			productName = Core;
			productReference = 696C05DA1F9B37AF00046B62 /* Core.framework */;
			productType = "com.apple.product-type.framework";
		};
/* End PBXNativeTarget section */

/* Begin PBXProject section */
		696C05B81F9AFB6200046B62 /* Project object */ = {
			isa = PBXProject;
			attributes = {
				LastSwiftUpdateCheck = 0900;
				LastUpgradeCheck = 0900;
				ORGANIZATIONNAME = AyniGames;
				TargetAttributes = {
					696C05BF1F9AFB6200046B62 = {
						CreatedOnToolsVersion = 9.0;
						LastSwiftMigration = 0900;
						ProvisioningStyle = Automatic;
					};
					696C05D91F9B37AF00046B62 = {
						CreatedOnToolsVersion = 9.0;
						LastSwiftMigration = 0900;
						ProvisioningStyle = Automatic;
					};
				};
			};
			buildConfigurationList = 696C05BB1F9AFB6200046B62 /* Build configuration list for PBXProject "HerosAtWork" */;
			compatibilityVersion = "Xcode 8.0";
			developmentRegion = en;
			hasScannedForEncodings = 0;
			knownRegions = (
				en,
				Base,
			);
			mainGroup = 696C05B71F9AFB6200046B62;
			productRefGroup = 696C05C11F9AFB6300046B62 /* Products */;
			projectDirPath = "";
			projectRoot = "";
			targets = (
				696C05BF1F9AFB6200046B62 /* HerosAtWork */,
				696C05D91F9B37AF00046B62 /* Core */,
			);
		};
/* End PBXProject section */

/* Begin PBXResourcesBuildPhase section */
		696C05BE1F9AFB6200046B62 /* Resources */ = {
			isa = PBXResourcesBuildPhase;
			buildActionMask = 2147483647;
			files = (
			);
			runOnlyForDeploymentPostprocessing = 0;
		};
		696C05D81F9B37AF00046B62 /* Resources */ = {
			isa = PBXResourcesBuildPhase;
			buildActionMask = 2147483647;
			files = (
			);
			runOnlyForDeploymentPostprocessing = 0;
		};
/* End PBXResourcesBuildPhase section */

/* Begin PBXSourcesBuildPhase section */
		696C05BC1F9AFB6200046B62 /* Sources */ = {
			isa = PBXSourcesBuildPhase;
			buildActionMask = 2147483647;
			files = (
			);
			runOnlyForDeploymentPostprocessing = 0;
		};
		696C05D51F9B37AF00046B62 /* Sources */ = {
			isa = PBXSourcesBuildPhase;
			buildActionMask = 2147483647;
			files = (
			);
			runOnlyForDeploymentPostprocessing = 0;
		};
/* End PBXSourcesBuildPhase section */

/* Begin PBXTargetDependency section */
		696C05E01F9B37AF00046B62 /* PBXTargetDependency */ = {
			isa = PBXTargetDependency;
			target = 696C05D91F9B37AF00046B62 /* Core */;
			targetProxy = 696C05DF1F9B37AF00046B62 /* PBXContainerItemProxy */;
		};
/* End PBXTargetDependency section */

/* Begin XCBuildConfiguration section */
		696C05D01F9AFB6300046B62 /* Debug */ = {
			isa = XCBuildConfiguration;
			buildSettings = {
				ALWAYS_SEARCH_USER_PATHS = NO;
				CLANG_ANALYZER_NONNULL = YES;
				CLANG_ANALYZER_NUMBER_OBJECT_CONVERSION = YES_AGGRESSIVE;
				CLANG_CXX_LANGUAGE_STANDARD = "gnu++14";
				CLANG_CXX_LIBRARY = "libc++";
				CLANG_ENABLE_MODULES = YES;
				CLANG_ENABLE_OBJC_ARC = YES;
				CLANG_WARN_BLOCK_CAPTURE_AUTORELEASING = YES;
				CLANG_WARN_BOOL_CONVERSION = YES;
				CLANG_WARN_COMMA = YES;
				CLANG_WARN_CONSTANT_CONVERSION = YES;
				CLANG_WARN_DIRECT_OBJC_ISA_USAGE = YES_ERROR;
				CLANG_WARN_DOCUMENTATION_COMMENTS = YES;
				CLANG_WARN_EMPTY_BODY = YES;
				CLANG_WARN_ENUM_CONVERSION = YES;
				CLANG_WARN_INFINITE_RECURSION = YES;
				CLANG_WARN_INT_CONVERSION = YES;
				CLANG_WARN_NON_LITERAL_NULL_CONVERSION = YES;
				CLANG_WARN_OBJC_LITERAL_CONVERSION = YES;
				CLANG_WARN_OBJC_ROOT_CLASS = YES_ERROR;
				CLANG_WARN_RANGE_LOOP_ANALYSIS = YES;
				CLANG_WARN_STRICT_PROTOTYPES = YES;
				CLANG_WARN_SUSPICIOUS_MOVE = YES;
				CLANG_WARN_UNGUARDED_AVAILABILITY = YES_AGGRESSIVE;
				CLANG_WARN_UNREACHABLE_CODE = YES;
				CLANG_WARN__DUPLICATE_METHOD_MATCH = YES;
				CODE_SIGN_IDENTITY = "iPhone Developer";
				COPY_PHASE_STRIP = NO;
				DEBUG_INFORMATION_FORMAT = dwarf;
				ENABLE_STRICT_OBJC_MSGSEND = YES;
				ENABLE_TESTABILITY = YES;
				GCC_C_LANGUAGE_STANDARD = gnu11;
				GCC_DYNAMIC_NO_PIC = NO;
				GCC_NO_COMMON_BLOCKS = YES;
				GCC_OPTIMIZATION_LEVEL = 0;
				GCC_PREPROCESSOR_DEFINITIONS = (
					"DEBUG=1",
					"$(inherited)",
				);
				GCC_WARN_64_TO_32_BIT_CONVERSION = YES;
				GCC_WARN_ABOUT_RETURN_TYPE = YES_ERROR;
				GCC_WARN_UNDECLARED_SELECTOR = YES;
				GCC_WARN_UNINITIALIZED_AUTOS = YES_AGGRESSIVE;
				GCC_WARN_UNUSED_FUNCTION = YES;
				GCC_WARN_UNUSED_VARIABLE = YES;
				IPHONEOS_DEPLOYMENT_TARGET = 11.0;
				MTL_ENABLE_DEBUG_INFO = YES;
				ONLY_ACTIVE_ARCH = YES;
				SDKROOT = iphoneos;
				SWIFT_ACTIVE_COMPILATION_CONDITIONS = DEBUG;
				SWIFT_OPTIMIZATION_LEVEL = "-Onone";
			};
			name = Debug;
		};
		696C05D11F9AFB6300046B62 /* Release */ = {
			isa = XCBuildConfiguration;
			buildSettings = {
				ALWAYS_SEARCH_USER_PATHS = NO;
				CLANG_ANALYZER_NONNULL = YES;
				CLANG_ANALYZER_NUMBER_OBJECT_CONVERSION = YES_AGGRESSIVE;
				CLANG_CXX_LANGUAGE_STANDARD = "gnu++14";
				CLANG_CXX_LIBRARY = "libc++";
				CLANG_ENABLE_MODULES = YES;
				CLANG_ENABLE_OBJC_ARC = YES;
				CLANG_WARN_BLOCK_CAPTURE_AUTORELEASING = YES;
				CLANG_WARN_BOOL_CONVERSION = YES;
				CLANG_WARN_COMMA = YES;
				CLANG_WARN_CONSTANT_CONVERSION = YES;
				CLANG_WARN_DIRECT_OBJC_ISA_USAGE = YES_ERROR;
				CLANG_WARN_DOCUMENTATION_COMMENTS = YES;
				CLANG_WARN_EMPTY_BODY = YES;
				CLANG_WARN_ENUM_CONVERSION = YES;
				CLANG_WARN_INFINITE_RECURSION = YES;
				CLANG_WARN_INT_CONVERSION = YES;
				CLANG_WARN_NON_LITERAL_NULL_CONVERSION = YES;
				CLANG_WARN_OBJC_LITERAL_CONVERSION = YES;
				CLANG_WARN_OBJC_ROOT_CLASS = YES_ERROR;
				CLANG_WARN_RANGE_LOOP_ANALYSIS = YES;
				CLANG_WARN_STRICT_PROTOTYPES = YES;
				CLANG_WARN_SUSPICIOUS_MOVE = YES;
				CLANG_WARN_UNGUARDED_AVAILABILITY = YES_AGGRESSIVE;
				CLANG_WARN_UNREACHABLE_CODE = YES;
				CLANG_WARN__DUPLICATE_METHOD_MATCH = YES;
				CODE_SIGN_IDENTITY = "iPhone Developer";
				COPY_PHASE_STRIP = NO;
				DEBUG_INFORMATION_FORMAT = "dwarf-with-dsym";
				ENABLE_NS_ASSERTIONS = NO;
				ENABLE_STRICT_OBJC_MSGSEND = YES;
				GCC_C_LANGUAGE_STANDARD = gnu11;
				GCC_NO_COMMON_BLOCKS = YES;
				GCC_WARN_64_TO_32_BIT_CONVERSION = YES;
				GCC_WARN_ABOUT_RETURN_TYPE = YES_ERROR;
				GCC_WARN_UNDECLARED_SELECTOR = YES;
				GCC_WARN_UNINITIALIZED_AUTOS = YES_AGGRESSIVE;
				GCC_WARN_UNUSED_FUNCTION = YES;
				GCC_WARN_UNUSED_VARIABLE = YES;
				IPHONEOS_DEPLOYMENT_TARGET = 11.0;
				MTL_ENABLE_DEBUG_INFO = NO;
				SDKROOT = iphoneos;
				SWIFT_OPTIMIZATION_LEVEL = "-Owholemodule";
				VALIDATE_PRODUCT = YES;
			};
			name = Release;
		};
		696C05D31F9AFB6300046B62 /* Debug */ = {
			isa = XCBuildConfiguration;
			buildSettings = {
				ASSETCATALOG_COMPILER_APPICON_NAME = AppIcon;
				CLANG_ENABLE_MODULES = YES;
				CODE_SIGN_STYLE = Automatic;
				DEVELOPMENT_TEAM = H9MAL9P855;
				INFOPLIST_FILE = HerosAtWork/Info.plist;
				LD_RUNPATH_SEARCH_PATHS = "$(inherited) @executable_path/Frameworks";
				PRODUCT_BUNDLE_IDENTIFIER = pe.com.aynigames.HerosAtWork;
				PRODUCT_NAME = "$(TARGET_NAME)";
				SWIFT_OBJC_BRIDGING_HEADER = "";
				SWIFT_OPTIMIZATION_LEVEL = "-Onone";
				SWIFT_VERSION = 4.0;
				TARGETED_DEVICE_FAMILY = "1,2";
			};
			name = Debug;
		};
		696C05D41F9AFB6300046B62 /* Release */ = {
			isa = XCBuildConfiguration;
			buildSettings = {
				ASSETCATALOG_COMPILER_APPICON_NAME = AppIcon;
				CLANG_ENABLE_MODULES = YES;
				CODE_SIGN_STYLE = Automatic;
				DEVELOPMENT_TEAM = H9MAL9P855;
				INFOPLIST_FILE = HerosAtWork/Info.plist;
				LD_RUNPATH_SEARCH_PATHS = "$(inherited) @executable_path/Frameworks";
				PRODUCT_BUNDLE_IDENTIFIER = pe.com.aynigames.HerosAtWork;
				PRODUCT_NAME = "$(TARGET_NAME)";
				SWIFT_OBJC_BRIDGING_HEADER = "";
				SWIFT_VERSION = 4.0;
				TARGETED_DEVICE_FAMILY = "1,2";
			};
			name = Release;
		};
		696C05E41F9B37AF00046B62 /* Debug */ = {
			isa = XCBuildConfiguration;
			buildSettings = {
				CLANG_ENABLE_MODULES = YES;
				CODE_SIGN_IDENTITY = "";
				CODE_SIGN_STYLE = Automatic;
				CURRENT_PROJECT_VERSION = 1;
				DEFINES_MODULE = YES;
				DEVELOPMENT_TEAM = H9MAL9P855;
				DYLIB_COMPATIBILITY_VERSION = 1;
				DYLIB_CURRENT_VERSION = 1;
				DYLIB_INSTALL_NAME_BASE = "@rpath";
				INFOPLIST_FILE = Core/Info.plist;
				INSTALL_PATH = "$(LOCAL_LIBRARY_DIR)/Frameworks";
				LD_RUNPATH_SEARCH_PATHS = "$(inherited) @executable_path/Frameworks @loader_path/Frameworks";
				PRODUCT_BUNDLE_IDENTIFIER = pe.com.aynigames.Core;
				PRODUCT_NAME = "$(TARGET_NAME:c99extidentifier)";
				SKIP_INSTALL = YES;
				SWIFT_OPTIMIZATION_LEVEL = "-Onone";
				SWIFT_VERSION = 4.0;
				TARGETED_DEVICE_FAMILY = "1,2";
				VERSIONING_SYSTEM = "apple-generic";
				VERSION_INFO_PREFIX = "";
			};
			name = Debug;
		};
		696C05E51F9B37AF00046B62 /* Release */ = {
			isa = XCBuildConfiguration;
			buildSettings = {
				CLANG_ENABLE_MODULES = YES;
				CODE_SIGN_IDENTITY = "";
				CODE_SIGN_STYLE = Automatic;
				CURRENT_PROJECT_VERSION = 1;
				DEFINES_MODULE = YES;
				DEVELOPMENT_TEAM = H9MAL9P855;
				DYLIB_COMPATIBILITY_VERSION = 1;
				DYLIB_CURRENT_VERSION = 1;
				DYLIB_INSTALL_NAME_BASE = "@rpath";
				INFOPLIST_FILE = Core/Info.plist;
				INSTALL_PATH = "$(LOCAL_LIBRARY_DIR)/Frameworks";
				LD_RUNPATH_SEARCH_PATHS = "$(inherited) @executable_path/Frameworks @loader_path/Frameworks";
				PRODUCT_BUNDLE_IDENTIFIER = pe.com.aynigames.Core;
				PRODUCT_NAME = "$(TARGET_NAME:c99extidentifier)";
				SKIP_INSTALL = YES;
				SWIFT_VERSION = 4.0;
				TARGETED_DEVICE_FAMILY = "1,2";
				VERSIONING_SYSTEM = "apple-generic";
				VERSION_INFO_PREFIX = "";
			};
			name = Release;
		};
/* End XCBuildConfiguration section */

/* Begin XCConfigurationList section */
		696C05BB1F9AFB6200046B62 /* Build configuration list for PBXProject "HerosAtWork" */ = {
			isa = XCConfigurationList;
			buildConfigurations = (
				696C05D01F9AFB6300046B62 /* Debug */,
				696C05D11F9AFB6300046B62 /* Release */,
			);
			defaultConfigurationIsVisible = 0;
			defaultConfigurationName = Release;
		};
		696C05D21F9AFB6300046B62 /* Build configuration list for PBXNativeTarget "HerosAtWork" */ = {
			isa = XCConfigurationList;
			buildConfigurations = (
				696C05D31F9AFB6300046B62 /* Debug */,
				696C05D41F9AFB6300046B62 /* Release */,
			);
			defaultConfigurationIsVisible = 0;
			defaultConfigurationName = Release;
		};
		696C05E31F9B37AF00046B62 /* Build configuration list for PBXNativeTarget "Core" */ = {
			isa = XCConfigurationList;
			buildConfigurations = (
				696C05E41F9B37AF00046B62 /* Debug */,
				696C05E51F9B37AF00046B62 /* Release */,
			);
			defaultConfigurationIsVisible = 0;
			defaultConfigurationName = Release;
		};
/* End XCConfigurationList section */
	};
	rootObject = 696C05B81F9AFB6200046B62 /* Project object */;
}
