// !$*UTF8*$!
{
	archiveVersion = 1;
	classes = {
	};
	objectVersion = 48;
	objects = {

/* Begin PBXBuildFile section */
		2600CEEA0B5C90A9708AB8D5 /* Pods_HeroesAtWork.framework in Frameworks */ = {isa = PBXBuildFile; fileRef = D9531DA322D97225AD971D9C /* Pods_HeroesAtWork.framework */; };
		690A91281FA0858400B2C402 /* Core.framework in Frameworks */ = {isa = PBXBuildFile; fileRef = 69A1C0FE1F9DA3D000C21437 /* Core.framework */; };
		690A91291FA0858400B2C402 /* Core.framework in Embed Frameworks */ = {isa = PBXBuildFile; fileRef = 69A1C0FE1F9DA3D000C21437 /* Core.framework */; settings = {ATTRIBUTES = (CodeSignOnCopy, RemoveHeadersOnCopy, ); }; };
		690A91301FA0D15800B2C402 /* ABSTemplateImageView.swift in Sources */ = {isa = PBXBuildFile; fileRef = 690A912F1FA0D15800B2C402 /* ABSTemplateImageView.swift */; };
		691031261FB88D6D0024A725 /* ActiveGameCollectionCell.swift in Sources */ = {isa = PBXBuildFile; fileRef = 691031251FB88D6D0024A725 /* ActiveGameCollectionCell.swift */; };
		691031281FB88E7D0024A725 /* ABSCircularImageView.swift in Sources */ = {isa = PBXBuildFile; fileRef = 691031271FB88E7D0024A725 /* ABSCircularImageView.swift */; };
		693BDC031FC1EEFB00079DA2 /* UIImage+String.swift in Sources */ = {isa = PBXBuildFile; fileRef = 693BDC021FC1EEFB00079DA2 /* UIImage+String.swift */; };
		693BDC061FC25AF900079DA2 /* String+Name.swift in Sources */ = {isa = PBXBuildFile; fileRef = 693BDC051FC25AF900079DA2 /* String+Name.swift */; };
		693BDC081FC25D7800079DA2 /* StringNameTest.swift in Sources */ = {isa = PBXBuildFile; fileRef = 693BDC071FC25D7800079DA2 /* StringNameTest.swift */; };
		693BDC091FC25DBB00079DA2 /* String+Name.swift in Sources */ = {isa = PBXBuildFile; fileRef = 693BDC051FC25AF900079DA2 /* String+Name.swift */; };
		693BDC0B1FC25EFE00079DA2 /* UIImage+AyniLab.swift in Sources */ = {isa = PBXBuildFile; fileRef = 693BDC0A1FC25EFE00079DA2 /* UIImage+AyniLab.swift */; };
		693BDC0D1FC2659900079DA2 /* UITableView+Help.swift in Sources */ = {isa = PBXBuildFile; fileRef = 693BDC0C1FC2659900079DA2 /* UITableView+Help.swift */; };
		696DF9611FA046D70086A583 /* AppereanceManager.swift in Sources */ = {isa = PBXBuildFile; fileRef = 696DF9601FA046D70086A583 /* AppereanceManager.swift */; };
		696DF9621FA082E80086A583 /* UIColor+AyniLab.swift in Sources */ = {isa = PBXBuildFile; fileRef = 69A1C0F71F9C078100C21437 /* UIColor+AyniLab.swift */; };
		696DF9631FA082E90086A583 /* UIColor+AyniLab.swift in Sources */ = {isa = PBXBuildFile; fileRef = 69A1C0F71F9C078100C21437 /* UIColor+AyniLab.swift */; };
		696DF9641FA082F60086A583 /* UIColor+Helper.swift in Sources */ = {isa = PBXBuildFile; fileRef = 69A1C0D81F9C076200C21437 /* UIColor+Helper.swift */; };
		6987C6771FB7BE4100A98201 /* Model.xcdatamodeld in Sources */ = {isa = PBXBuildFile; fileRef = 6987C6751FB7BE4100A98201 /* Model.xcdatamodeld */; };
		6987C6961FB7CC4D00A98201 /* Game+CoreDataClass.swift in Sources */ = {isa = PBXBuildFile; fileRef = 6987C68C1FB7CC4D00A98201 /* Game+CoreDataClass.swift */; };
		6987C6971FB7CC4D00A98201 /* Game+CoreDataProperties.swift in Sources */ = {isa = PBXBuildFile; fileRef = 6987C68D1FB7CC4D00A98201 /* Game+CoreDataProperties.swift */; };
		6987C6981FB7CC4D00A98201 /* Tag+CoreDataClass.swift in Sources */ = {isa = PBXBuildFile; fileRef = 6987C68E1FB7CC4D00A98201 /* Tag+CoreDataClass.swift */; };
		6987C6991FB7CC4D00A98201 /* Tag+CoreDataProperties.swift in Sources */ = {isa = PBXBuildFile; fileRef = 6987C68F1FB7CC4D00A98201 /* Tag+CoreDataProperties.swift */; };
		6987C69A1FB7CC4D00A98201 /* Notification+CoreDataClass.swift in Sources */ = {isa = PBXBuildFile; fileRef = 6987C6901FB7CC4D00A98201 /* Notification+CoreDataClass.swift */; };
		6987C69B1FB7CC4D00A98201 /* Notification+CoreDataProperties.swift in Sources */ = {isa = PBXBuildFile; fileRef = 6987C6911FB7CC4D00A98201 /* Notification+CoreDataProperties.swift */; };
		6987C69D1FB7CD0600A98201 /* HeroDataSource.swift in Sources */ = {isa = PBXBuildFile; fileRef = 6987C69C1FB7CD0600A98201 /* HeroDataSource.swift */; };
		6987C69F1FB7E12400A98201 /* MockDataService.swift in Sources */ = {isa = PBXBuildFile; fileRef = 6987C69E1FB7E12400A98201 /* MockDataService.swift */; };
		6987C6A41FB8440B00A98201 /* GameDateSource.swift in Sources */ = {isa = PBXBuildFile; fileRef = 6987C6A31FB8440B00A98201 /* GameDateSource.swift */; };
		6987C6A61FB8826700A98201 /* GamesLandingViewController.swift in Sources */ = {isa = PBXBuildFile; fileRef = 6987C6A51FB8826700A98201 /* GamesLandingViewController.swift */; };
		69946C5C1FBB1DE300C2CBA5 /* UIImage+Color.swift in Sources */ = {isa = PBXBuildFile; fileRef = 69A1C0CF1F9C076100C21437 /* UIImage+Color.swift */; };
		6996FECC1F9DC19100B3C164 /* DateHelpTest.swift in Sources */ = {isa = PBXBuildFile; fileRef = 6996FECB1F9DC19100B3C164 /* DateHelpTest.swift */; };
		6996FED01F9DC5FF00B3C164 /* DateJavascriptTimestampTest.swift in Sources */ = {isa = PBXBuildFile; fileRef = 6996FECF1F9DC5FF00B3C164 /* DateJavascriptTimestampTest.swift */; };
		6996FED31F9DC78400B3C164 /* Date+Calendar.swift in Sources */ = {isa = PBXBuildFile; fileRef = 6996FED21F9DC78400B3C164 /* Date+Calendar.swift */; };
		6996FED51F9DC9E900B3C164 /* DateCalendarTest.swift in Sources */ = {isa = PBXBuildFile; fileRef = 6996FED41F9DC9E900B3C164 /* DateCalendarTest.swift */; };
		6996FED81F9DEF1000B3C164 /* Date+Time.swift in Sources */ = {isa = PBXBuildFile; fileRef = 6996FED71F9DEF1000B3C164 /* Date+Time.swift */; };
		6996FEDA1F9DFB6700B3C164 /* TimeInterval+Help.swift in Sources */ = {isa = PBXBuildFile; fileRef = 6996FED91F9DFB6700B3C164 /* TimeInterval+Help.swift */; };
		6996FEDC1F9DFE1D00B3C164 /* TimeIntervalHelpTest.swift in Sources */ = {isa = PBXBuildFile; fileRef = 6996FEDB1F9DFE1D00B3C164 /* TimeIntervalHelpTest.swift */; };
		6996FEDF1F9DFEA800B3C164 /* Date+Calendar.swift in Sources */ = {isa = PBXBuildFile; fileRef = 6996FED21F9DC78400B3C164 /* Date+Calendar.swift */; };
		6996FEE01F9DFEA800B3C164 /* Date+Help.swift in Sources */ = {isa = PBXBuildFile; fileRef = 69A1C13B1F9DAAAD00C21437 /* Date+Help.swift */; };
		6996FEE11F9DFEA800B3C164 /* Date+JavascriptTimestamp.swift in Sources */ = {isa = PBXBuildFile; fileRef = 69A1C13C1F9DAAAD00C21437 /* Date+JavascriptTimestamp.swift */; };
		6996FEE21F9DFEA800B3C164 /* Date+Time.swift in Sources */ = {isa = PBXBuildFile; fileRef = 6996FED71F9DEF1000B3C164 /* Date+Time.swift */; };
		6996FEE31F9DFEA800B3C164 /* DateFormatter+Helper.swift in Sources */ = {isa = PBXBuildFile; fileRef = 69A1C13A1F9DAAAD00C21437 /* DateFormatter+Helper.swift */; };
		6996FEE41F9DFEA800B3C164 /* TimeInterval+Help.swift in Sources */ = {isa = PBXBuildFile; fileRef = 6996FED91F9DFB6700B3C164 /* TimeInterval+Help.swift */; };
		6996FEE61F9E398F00B3C164 /* DateTimeTest.swift in Sources */ = {isa = PBXBuildFile; fileRef = 6996FEE51F9E398F00B3C164 /* DateTimeTest.swift */; };
		6996FEE81F9EAC0E00B3C164 /* FileManager+Helper.swift in Sources */ = {isa = PBXBuildFile; fileRef = 6996FEE71F9EAC0E00B3C164 /* FileManager+Helper.swift */; };
		6996FEEA1F9EBC0200B3C164 /* NSErrorHelpTest.swift in Sources */ = {isa = PBXBuildFile; fileRef = 6996FEE91F9EBC0200B3C164 /* NSErrorHelpTest.swift */; };
		6996FEEB1F9EBC2E00B3C164 /* NSError+Helper.swift in Sources */ = {isa = PBXBuildFile; fileRef = 69A1C0C71F9C076000C21437 /* NSError+Helper.swift */; };
		6996FEEC1F9EBC3000B3C164 /* NSError+Helper.swift in Sources */ = {isa = PBXBuildFile; fileRef = 69A1C0C71F9C076000C21437 /* NSError+Helper.swift */; };
		6996FEED1F9EBC3F00B3C164 /* FileManager+Helper.swift in Sources */ = {isa = PBXBuildFile; fileRef = 6996FEE71F9EAC0E00B3C164 /* FileManager+Helper.swift */; };
		6996FEEF1F9EBD2F00B3C164 /* FileManagerHelpTest.swift in Sources */ = {isa = PBXBuildFile; fileRef = 6996FEEE1F9EBD2F00B3C164 /* FileManagerHelpTest.swift */; };
		6996FF3E1FB8B48D002F1157 /* TabBarViewController.swift in Sources */ = {isa = PBXBuildFile; fileRef = 6996FF3D1FB8B48D002F1157 /* TabBarViewController.swift */; };
		6996FF401FB8B9EE002F1157 /* HeroImageCollectionCell.swift in Sources */ = {isa = PBXBuildFile; fileRef = 6996FF3F1FB8B9EE002F1157 /* HeroImageCollectionCell.swift */; };
		699AAB4F1FB89A2B00F4EB24 /* GameHistoryCell.swift in Sources */ = {isa = PBXBuildFile; fileRef = 699AAB4E1FB89A2B00F4EB24 /* GameHistoryCell.swift */; };
		69A1C0E01F9C076200C21437 /* String+Size.swift in Sources */ = {isa = PBXBuildFile; fileRef = 69A1C0C81F9C076000C21437 /* String+Size.swift */; };
		69A1C0E11F9C076200C21437 /* UIVIew+Help.swift in Sources */ = {isa = PBXBuildFile; fileRef = 69A1C0C91F9C076000C21437 /* UIVIew+Help.swift */; };
		69A1C0E21F9C076200C21437 /* UIWindow+Transition.swift in Sources */ = {isa = PBXBuildFile; fileRef = 69A1C0CA1F9C076100C21437 /* UIWindow+Transition.swift */; };
		69A1C0E31F9C076200C21437 /* UIViewController+Help.swift in Sources */ = {isa = PBXBuildFile; fileRef = 69A1C0CB1F9C076100C21437 /* UIViewController+Help.swift */; };
		69A1C0E51F9C076200C21437 /* NumberFormatter+Help.swift in Sources */ = {isa = PBXBuildFile; fileRef = 69A1C0CD1F9C076100C21437 /* NumberFormatter+Help.swift */; };
		69A1C0E61F9C076200C21437 /* CALayer+Animation.swift in Sources */ = {isa = PBXBuildFile; fileRef = 69A1C0CE1F9C076100C21437 /* CALayer+Animation.swift */; };
		69A1C0E81F9C076200C21437 /* UIImage+Oritentation.swift in Sources */ = {isa = PBXBuildFile; fileRef = 69A1C0D01F9C076100C21437 /* UIImage+Oritentation.swift */; };
		69A1C0E91F9C076200C21437 /* UIViewController+Alert.swift in Sources */ = {isa = PBXBuildFile; fileRef = 69A1C0D11F9C076100C21437 /* UIViewController+Alert.swift */; };
		69A1C0EB1F9C076200C21437 /* NSNumber+Helper.swift in Sources */ = {isa = PBXBuildFile; fileRef = 69A1C0D31F9C076100C21437 /* NSNumber+Helper.swift */; };
		69A1C0EC1F9C076200C21437 /* NSObject+Image.swift in Sources */ = {isa = PBXBuildFile; fileRef = 69A1C0D41F9C076100C21437 /* NSObject+Image.swift */; };
		69A1C0EE1F9C076200C21437 /* String+Regex.swift in Sources */ = {isa = PBXBuildFile; fileRef = 69A1C0D61F9C076100C21437 /* String+Regex.swift */; };
		69A1C0F11F9C076200C21437 /* Double+Format.swift in Sources */ = {isa = PBXBuildFile; fileRef = 69A1C0D91F9C076200C21437 /* Double+Format.swift */; };
		69A1C0F21F9C076200C21437 /* UINavigationController+Navigation.swift in Sources */ = {isa = PBXBuildFile; fileRef = 69A1C0DA1F9C076200C21437 /* UINavigationController+Navigation.swift */; };
		69A1C0F31F9C076200C21437 /* UIView+Nib.swift in Sources */ = {isa = PBXBuildFile; fileRef = 69A1C0DB1F9C076200C21437 /* UIView+Nib.swift */; };
		69A1C0F41F9C076200C21437 /* String+Validation.swift in Sources */ = {isa = PBXBuildFile; fileRef = 69A1C0DC1F9C076200C21437 /* String+Validation.swift */; };
		69A1C0F51F9C076200C21437 /* String+Cast.swift in Sources */ = {isa = PBXBuildFile; fileRef = 69A1C0DD1F9C076200C21437 /* String+Cast.swift */; };
		69A1C1021F9DA3D100C21437 /* Core.h in Headers */ = {isa = PBXBuildFile; fileRef = 69A1C1001F9DA3D100C21437 /* Core.h */; settings = {ATTRIBUTES = (Public, ); }; };
		69A1C1271F9DA64700C21437 /* Core.framework in Frameworks */ = {isa = PBXBuildFile; fileRef = 69A1C0FE1F9DA3D000C21437 /* Core.framework */; };
		69A1C1331F9DA98900C21437 /* Bundle+Help.swift in Sources */ = {isa = PBXBuildFile; fileRef = 69A1C1321F9DA98900C21437 /* Bundle+Help.swift */; };
		69A1C13D1F9DAAAD00C21437 /* DateFormatter+Helper.swift in Sources */ = {isa = PBXBuildFile; fileRef = 69A1C13A1F9DAAAD00C21437 /* DateFormatter+Helper.swift */; };
		69A1C13E1F9DAAAD00C21437 /* Date+Help.swift in Sources */ = {isa = PBXBuildFile; fileRef = 69A1C13B1F9DAAAD00C21437 /* Date+Help.swift */; };
		69A1C13F1F9DAAAD00C21437 /* Date+JavascriptTimestamp.swift in Sources */ = {isa = PBXBuildFile; fileRef = 69A1C13C1F9DAAAD00C21437 /* Date+JavascriptTimestamp.swift */; };
		69A1C1421F9DAF9200C21437 /* DateFormatterHelpTest.swift in Sources */ = {isa = PBXBuildFile; fileRef = 69A1C1411F9DAF9200C21437 /* DateFormatterHelpTest.swift */; };
		69E157FA1F9B944700531207 /* LaunchScreen.storyboard in Resources */ = {isa = PBXBuildFile; fileRef = 69E157EA1F9B944600531207 /* LaunchScreen.storyboard */; };
		69E157FB1F9B944700531207 /* Authorization.storyboard in Resources */ = {isa = PBXBuildFile; fileRef = 69E157EB1F9B944600531207 /* Authorization.storyboard */; };
		69E157FC1F9B944700531207 /* LoginViewController.swift in Sources */ = {isa = PBXBuildFile; fileRef = 69E157EE1F9B944700531207 /* LoginViewController.swift */; };
		69E157FD1F9B944700531207 /* AppDelegate.swift in Sources */ = {isa = PBXBuildFile; fileRef = 69E157EF1F9B944700531207 /* AppDelegate.swift */; };
		69E157FE1F9B944700531207 /* Assets.xcassets in Resources */ = {isa = PBXBuildFile; fileRef = 69E157F81F9B944700531207 /* Assets.xcassets */; };
		69E158021F9B94EE00531207 /* Main.storyboard in Resources */ = {isa = PBXBuildFile; fileRef = 69E158011F9B94EE00531207 /* Main.storyboard */; };
		69E158051F9B971400531207 /* ABSRoundedBorderView.swift in Sources */ = {isa = PBXBuildFile; fileRef = 69E158041F9B971400531207 /* ABSRoundedBorderView.swift */; };
		69E1580C1F9B97C000531207 /* ABSCircularButton.swift in Sources */ = {isa = PBXBuildFile; fileRef = 69E158071F9B97C000531207 /* ABSCircularButton.swift */; };
		69E1580D1F9B97C000531207 /* ABSRoundedBorderButton.swift in Sources */ = {isa = PBXBuildFile; fileRef = 69E158081F9B97C000531207 /* ABSRoundedBorderButton.swift */; };
		69E1580F1F9B97C000531207 /* ABSUnderLineButton.swift in Sources */ = {isa = PBXBuildFile; fileRef = 69E1580A1F9B97C000531207 /* ABSUnderLineButton.swift */; };
		69F2EAE11FA04090007AF0E4 /* UIColor+Helper.swift in Sources */ = {isa = PBXBuildFile; fileRef = 69A1C0D81F9C076200C21437 /* UIColor+Helper.swift */; };
		69F5A23B1FB946E800A4BA66 /* Hero+CoreDataClass.swift in Sources */ = {isa = PBXBuildFile; fileRef = 69F5A2371FB946E800A4BA66 /* Hero+CoreDataClass.swift */; };
		69F5A23C1FB946E800A4BA66 /* Hero+CoreDataProperties.swift in Sources */ = {isa = PBXBuildFile; fileRef = 69F5A2381FB946E800A4BA66 /* Hero+CoreDataProperties.swift */; };
		69F5A23D1FB946E800A4BA66 /* HeroTag+CoreDataClass.swift in Sources */ = {isa = PBXBuildFile; fileRef = 69F5A2391FB946E800A4BA66 /* HeroTag+CoreDataClass.swift */; };
		69F5A23E1FB946E800A4BA66 /* HeroTag+CoreDataProperties.swift in Sources */ = {isa = PBXBuildFile; fileRef = 69F5A23A1FB946E800A4BA66 /* HeroTag+CoreDataProperties.swift */; };
/* End PBXBuildFile section */

/* Begin PBXContainerItemProxy section */
		690A912A1FA0858500B2C402 /* PBXContainerItemProxy */ = {
			isa = PBXContainerItemProxy;
			containerPortal = 69E157B71F9B923300531207 /* Project object */;
			proxyType = 1;
			remoteGlobalIDString = 69A1C0FD1F9DA3D000C21437;
			remoteInfo = Core;
		};
		6985223D1FA0848E007B414C /* PBXContainerItemProxy */ = {
			isa = PBXContainerItemProxy;
			containerPortal = 69E157B71F9B923300531207 /* Project object */;
			proxyType = 1;
			remoteGlobalIDString = 69E157BE1F9B923300531207;
			remoteInfo = HeroesAtWork;
		};
		69A1C1281F9DA64700C21437 /* PBXContainerItemProxy */ = {
			isa = PBXContainerItemProxy;
			containerPortal = 69E157B71F9B923300531207 /* Project object */;
			proxyType = 1;
			remoteGlobalIDString = 69A1C0FD1F9DA3D000C21437;
			remoteInfo = Core;
		};
/* End PBXContainerItemProxy section */

/* Begin PBXCopyFilesBuildPhase section */
		690A912C1FA0858500B2C402 /* Embed Frameworks */ = {
			isa = PBXCopyFilesBuildPhase;
			buildActionMask = 2147483647;
			dstPath = "";
			dstSubfolderSpec = 10;
			files = (
				690A91291FA0858400B2C402 /* Core.framework in Embed Frameworks */,
			);
			name = "Embed Frameworks";
			runOnlyForDeploymentPostprocessing = 0;
		};
/* End PBXCopyFilesBuildPhase section */

/* Begin PBXFileReference section */
		0E04E2A26242B966A688AC01 /* Pods-HeroesAtWork.debug.xcconfig */ = {isa = PBXFileReference; includeInIndex = 1; lastKnownFileType = text.xcconfig; name = "Pods-HeroesAtWork.debug.xcconfig"; path = "Pods/Target Support Files/Pods-HeroesAtWork/Pods-HeroesAtWork.debug.xcconfig"; sourceTree = "<group>"; };
		2D1189D7C9800682F4D311F0 /* Pods-HeroesAtWork.release.xcconfig */ = {isa = PBXFileReference; includeInIndex = 1; lastKnownFileType = text.xcconfig; name = "Pods-HeroesAtWork.release.xcconfig"; path = "Pods/Target Support Files/Pods-HeroesAtWork/Pods-HeroesAtWork.release.xcconfig"; sourceTree = "<group>"; };
		690A912F1FA0D15800B2C402 /* ABSTemplateImageView.swift */ = {isa = PBXFileReference; lastKnownFileType = sourcecode.swift; path = ABSTemplateImageView.swift; sourceTree = "<group>"; };
		691031251FB88D6D0024A725 /* ActiveGameCollectionCell.swift */ = {isa = PBXFileReference; lastKnownFileType = sourcecode.swift; path = ActiveGameCollectionCell.swift; sourceTree = "<group>"; };
		691031271FB88E7D0024A725 /* ABSCircularImageView.swift */ = {isa = PBXFileReference; lastKnownFileType = sourcecode.swift; path = ABSCircularImageView.swift; sourceTree = "<group>"; };
		693BDC021FC1EEFB00079DA2 /* UIImage+String.swift */ = {isa = PBXFileReference; lastKnownFileType = sourcecode.swift; path = "UIImage+String.swift"; sourceTree = "<group>"; };
		693BDC051FC25AF900079DA2 /* String+Name.swift */ = {isa = PBXFileReference; lastKnownFileType = sourcecode.swift; path = "String+Name.swift"; sourceTree = "<group>"; };
		693BDC071FC25D7800079DA2 /* StringNameTest.swift */ = {isa = PBXFileReference; lastKnownFileType = sourcecode.swift; path = StringNameTest.swift; sourceTree = "<group>"; };
		693BDC0A1FC25EFE00079DA2 /* UIImage+AyniLab.swift */ = {isa = PBXFileReference; lastKnownFileType = sourcecode.swift; path = "UIImage+AyniLab.swift"; sourceTree = "<group>"; };
		693BDC0C1FC2659900079DA2 /* UITableView+Help.swift */ = {isa = PBXFileReference; lastKnownFileType = sourcecode.swift; path = "UITableView+Help.swift"; sourceTree = "<group>"; };
		696DF9601FA046D70086A583 /* AppereanceManager.swift */ = {isa = PBXFileReference; lastKnownFileType = sourcecode.swift; path = AppereanceManager.swift; sourceTree = "<group>"; };
		6987C6761FB7BE4100A98201 /* Model.xcdatamodel */ = {isa = PBXFileReference; lastKnownFileType = wrapper.xcdatamodel; path = Model.xcdatamodel; sourceTree = "<group>"; };
		6987C68C1FB7CC4D00A98201 /* Game+CoreDataClass.swift */ = {isa = PBXFileReference; lastKnownFileType = sourcecode.swift; path = "Game+CoreDataClass.swift"; sourceTree = "<group>"; };
		6987C68D1FB7CC4D00A98201 /* Game+CoreDataProperties.swift */ = {isa = PBXFileReference; lastKnownFileType = sourcecode.swift; path = "Game+CoreDataProperties.swift"; sourceTree = "<group>"; };
		6987C68E1FB7CC4D00A98201 /* Tag+CoreDataClass.swift */ = {isa = PBXFileReference; lastKnownFileType = sourcecode.swift; path = "Tag+CoreDataClass.swift"; sourceTree = "<group>"; };
		6987C68F1FB7CC4D00A98201 /* Tag+CoreDataProperties.swift */ = {isa = PBXFileReference; lastKnownFileType = sourcecode.swift; path = "Tag+CoreDataProperties.swift"; sourceTree = "<group>"; };
		6987C6901FB7CC4D00A98201 /* Notification+CoreDataClass.swift */ = {isa = PBXFileReference; lastKnownFileType = sourcecode.swift; path = "Notification+CoreDataClass.swift"; sourceTree = "<group>"; };
		6987C6911FB7CC4D00A98201 /* Notification+CoreDataProperties.swift */ = {isa = PBXFileReference; lastKnownFileType = sourcecode.swift; path = "Notification+CoreDataProperties.swift"; sourceTree = "<group>"; };
		6987C69C1FB7CD0600A98201 /* HeroDataSource.swift */ = {isa = PBXFileReference; lastKnownFileType = sourcecode.swift; path = HeroDataSource.swift; sourceTree = "<group>"; };
		6987C69E1FB7E12400A98201 /* MockDataService.swift */ = {isa = PBXFileReference; lastKnownFileType = sourcecode.swift; path = MockDataService.swift; sourceTree = "<group>"; };
		6987C6A01FB7E14D00A98201 /* CoreData.framework */ = {isa = PBXFileReference; lastKnownFileType = wrapper.framework; name = CoreData.framework; path = System/Library/Frameworks/CoreData.framework; sourceTree = SDKROOT; };
		6987C6A31FB8440B00A98201 /* GameDateSource.swift */ = {isa = PBXFileReference; lastKnownFileType = sourcecode.swift; path = GameDateSource.swift; sourceTree = "<group>"; };
		6987C6A51FB8826700A98201 /* GamesLandingViewController.swift */ = {isa = PBXFileReference; lastKnownFileType = sourcecode.swift; path = GamesLandingViewController.swift; sourceTree = "<group>"; };
		6996FECB1F9DC19100B3C164 /* DateHelpTest.swift */ = {isa = PBXFileReference; lastKnownFileType = sourcecode.swift; path = DateHelpTest.swift; sourceTree = "<group>"; };
		6996FECF1F9DC5FF00B3C164 /* DateJavascriptTimestampTest.swift */ = {isa = PBXFileReference; lastKnownFileType = sourcecode.swift; path = DateJavascriptTimestampTest.swift; sourceTree = "<group>"; };
		6996FED21F9DC78400B3C164 /* Date+Calendar.swift */ = {isa = PBXFileReference; lastKnownFileType = sourcecode.swift; path = "Date+Calendar.swift"; sourceTree = "<group>"; };
		6996FED41F9DC9E900B3C164 /* DateCalendarTest.swift */ = {isa = PBXFileReference; lastKnownFileType = sourcecode.swift; path = DateCalendarTest.swift; sourceTree = "<group>"; };
		6996FED71F9DEF1000B3C164 /* Date+Time.swift */ = {isa = PBXFileReference; lastKnownFileType = sourcecode.swift; path = "Date+Time.swift"; sourceTree = "<group>"; };
		6996FED91F9DFB6700B3C164 /* TimeInterval+Help.swift */ = {isa = PBXFileReference; lastKnownFileType = sourcecode.swift; path = "TimeInterval+Help.swift"; sourceTree = "<group>"; };
		6996FEDB1F9DFE1D00B3C164 /* TimeIntervalHelpTest.swift */ = {isa = PBXFileReference; lastKnownFileType = sourcecode.swift; path = TimeIntervalHelpTest.swift; sourceTree = "<group>"; };
		6996FEE51F9E398F00B3C164 /* DateTimeTest.swift */ = {isa = PBXFileReference; lastKnownFileType = sourcecode.swift; path = DateTimeTest.swift; sourceTree = "<group>"; };
		6996FEE71F9EAC0E00B3C164 /* FileManager+Helper.swift */ = {isa = PBXFileReference; lastKnownFileType = sourcecode.swift; path = "FileManager+Helper.swift"; sourceTree = "<group>"; };
		6996FEE91F9EBC0200B3C164 /* NSErrorHelpTest.swift */ = {isa = PBXFileReference; lastKnownFileType = sourcecode.swift; path = NSErrorHelpTest.swift; sourceTree = "<group>"; };
		6996FEEE1F9EBD2F00B3C164 /* FileManagerHelpTest.swift */ = {isa = PBXFileReference; lastKnownFileType = sourcecode.swift; path = FileManagerHelpTest.swift; sourceTree = "<group>"; };
		6996FF3D1FB8B48D002F1157 /* TabBarViewController.swift */ = {isa = PBXFileReference; lastKnownFileType = sourcecode.swift; path = TabBarViewController.swift; sourceTree = "<group>"; };
		6996FF3F1FB8B9EE002F1157 /* HeroImageCollectionCell.swift */ = {isa = PBXFileReference; lastKnownFileType = sourcecode.swift; path = HeroImageCollectionCell.swift; sourceTree = "<group>"; };
		699AAB4E1FB89A2B00F4EB24 /* GameHistoryCell.swift */ = {isa = PBXFileReference; lastKnownFileType = sourcecode.swift; path = GameHistoryCell.swift; sourceTree = "<group>"; };
		69A1C0C71F9C076000C21437 /* NSError+Helper.swift */ = {isa = PBXFileReference; fileEncoding = 4; lastKnownFileType = sourcecode.swift; path = "NSError+Helper.swift"; sourceTree = "<group>"; };
		69A1C0C81F9C076000C21437 /* String+Size.swift */ = {isa = PBXFileReference; fileEncoding = 4; lastKnownFileType = sourcecode.swift; path = "String+Size.swift"; sourceTree = "<group>"; };
		69A1C0C91F9C076000C21437 /* UIVIew+Help.swift */ = {isa = PBXFileReference; fileEncoding = 4; lastKnownFileType = sourcecode.swift; path = "UIVIew+Help.swift"; sourceTree = "<group>"; };
		69A1C0CA1F9C076100C21437 /* UIWindow+Transition.swift */ = {isa = PBXFileReference; fileEncoding = 4; lastKnownFileType = sourcecode.swift; path = "UIWindow+Transition.swift"; sourceTree = "<group>"; };
		69A1C0CB1F9C076100C21437 /* UIViewController+Help.swift */ = {isa = PBXFileReference; fileEncoding = 4; lastKnownFileType = sourcecode.swift; path = "UIViewController+Help.swift"; sourceTree = "<group>"; };
		69A1C0CD1F9C076100C21437 /* NumberFormatter+Help.swift */ = {isa = PBXFileReference; fileEncoding = 4; lastKnownFileType = sourcecode.swift; path = "NumberFormatter+Help.swift"; sourceTree = "<group>"; };
		69A1C0CE1F9C076100C21437 /* CALayer+Animation.swift */ = {isa = PBXFileReference; fileEncoding = 4; lastKnownFileType = sourcecode.swift; path = "CALayer+Animation.swift"; sourceTree = "<group>"; };
		69A1C0CF1F9C076100C21437 /* UIImage+Color.swift */ = {isa = PBXFileReference; fileEncoding = 4; lastKnownFileType = sourcecode.swift; path = "UIImage+Color.swift"; sourceTree = "<group>"; };
		69A1C0D01F9C076100C21437 /* UIImage+Oritentation.swift */ = {isa = PBXFileReference; fileEncoding = 4; lastKnownFileType = sourcecode.swift; path = "UIImage+Oritentation.swift"; sourceTree = "<group>"; };
		69A1C0D11F9C076100C21437 /* UIViewController+Alert.swift */ = {isa = PBXFileReference; fileEncoding = 4; lastKnownFileType = sourcecode.swift; path = "UIViewController+Alert.swift"; sourceTree = "<group>"; };
		69A1C0D31F9C076100C21437 /* NSNumber+Helper.swift */ = {isa = PBXFileReference; fileEncoding = 4; lastKnownFileType = sourcecode.swift; path = "NSNumber+Helper.swift"; sourceTree = "<group>"; };
		69A1C0D41F9C076100C21437 /* NSObject+Image.swift */ = {isa = PBXFileReference; fileEncoding = 4; lastKnownFileType = sourcecode.swift; path = "NSObject+Image.swift"; sourceTree = "<group>"; };
		69A1C0D61F9C076100C21437 /* String+Regex.swift */ = {isa = PBXFileReference; fileEncoding = 4; lastKnownFileType = sourcecode.swift; path = "String+Regex.swift"; sourceTree = "<group>"; };
		69A1C0D81F9C076200C21437 /* UIColor+Helper.swift */ = {isa = PBXFileReference; fileEncoding = 4; lastKnownFileType = sourcecode.swift; path = "UIColor+Helper.swift"; sourceTree = "<group>"; };
		69A1C0D91F9C076200C21437 /* Double+Format.swift */ = {isa = PBXFileReference; fileEncoding = 4; lastKnownFileType = sourcecode.swift; path = "Double+Format.swift"; sourceTree = "<group>"; };
		69A1C0DA1F9C076200C21437 /* UINavigationController+Navigation.swift */ = {isa = PBXFileReference; fileEncoding = 4; lastKnownFileType = sourcecode.swift; path = "UINavigationController+Navigation.swift"; sourceTree = "<group>"; };
		69A1C0DB1F9C076200C21437 /* UIView+Nib.swift */ = {isa = PBXFileReference; fileEncoding = 4; lastKnownFileType = sourcecode.swift; path = "UIView+Nib.swift"; sourceTree = "<group>"; };
		69A1C0DC1F9C076200C21437 /* String+Validation.swift */ = {isa = PBXFileReference; fileEncoding = 4; lastKnownFileType = sourcecode.swift; path = "String+Validation.swift"; sourceTree = "<group>"; };
		69A1C0DD1F9C076200C21437 /* String+Cast.swift */ = {isa = PBXFileReference; fileEncoding = 4; lastKnownFileType = sourcecode.swift; path = "String+Cast.swift"; sourceTree = "<group>"; };
		69A1C0F71F9C078100C21437 /* UIColor+AyniLab.swift */ = {isa = PBXFileReference; lastKnownFileType = sourcecode.swift; path = "UIColor+AyniLab.swift"; sourceTree = "<group>"; };
		69A1C0FE1F9DA3D000C21437 /* Core.framework */ = {isa = PBXFileReference; explicitFileType = wrapper.framework; includeInIndex = 0; path = Core.framework; sourceTree = BUILT_PRODUCTS_DIR; };
		69A1C1001F9DA3D100C21437 /* Core.h */ = {isa = PBXFileReference; lastKnownFileType = sourcecode.c.h; path = Core.h; sourceTree = "<group>"; };
		69A1C1011F9DA3D100C21437 /* Info.plist */ = {isa = PBXFileReference; lastKnownFileType = text.plist.xml; path = Info.plist; sourceTree = "<group>"; };
		69A1C1221F9DA64700C21437 /* CoreTests.xctest */ = {isa = PBXFileReference; explicitFileType = wrapper.cfbundle; includeInIndex = 0; path = CoreTests.xctest; sourceTree = BUILT_PRODUCTS_DIR; };
		69A1C1261F9DA64700C21437 /* Info.plist */ = {isa = PBXFileReference; lastKnownFileType = text.plist.xml; path = Info.plist; sourceTree = "<group>"; };
		69A1C1321F9DA98900C21437 /* Bundle+Help.swift */ = {isa = PBXFileReference; lastKnownFileType = sourcecode.swift; path = "Bundle+Help.swift"; sourceTree = "<group>"; };
		69A1C13A1F9DAAAD00C21437 /* DateFormatter+Helper.swift */ = {isa = PBXFileReference; fileEncoding = 4; lastKnownFileType = sourcecode.swift; path = "DateFormatter+Helper.swift"; sourceTree = "<group>"; };
		69A1C13B1F9DAAAD00C21437 /* Date+Help.swift */ = {isa = PBXFileReference; fileEncoding = 4; lastKnownFileType = sourcecode.swift; path = "Date+Help.swift"; sourceTree = "<group>"; };
		69A1C13C1F9DAAAD00C21437 /* Date+JavascriptTimestamp.swift */ = {isa = PBXFileReference; fileEncoding = 4; lastKnownFileType = sourcecode.swift; path = "Date+JavascriptTimestamp.swift"; sourceTree = "<group>"; };
		69A1C1411F9DAF9200C21437 /* DateFormatterHelpTest.swift */ = {isa = PBXFileReference; lastKnownFileType = sourcecode.swift; path = DateFormatterHelpTest.swift; sourceTree = "<group>"; };
		69E157BF1F9B923300531207 /* HeroesAtWork.app */ = {isa = PBXFileReference; explicitFileType = wrapper.application; includeInIndex = 0; path = HeroesAtWork.app; sourceTree = BUILT_PRODUCTS_DIR; };
		69E157CE1F9B923300531207 /* Info.plist */ = {isa = PBXFileReference; lastKnownFileType = text.plist.xml; path = Info.plist; sourceTree = "<group>"; };
		69E157EA1F9B944600531207 /* LaunchScreen.storyboard */ = {isa = PBXFileReference; fileEncoding = 4; lastKnownFileType = file.storyboard; path = LaunchScreen.storyboard; sourceTree = "<group>"; };
		69E157EB1F9B944600531207 /* Authorization.storyboard */ = {isa = PBXFileReference; fileEncoding = 4; lastKnownFileType = file.storyboard; path = Authorization.storyboard; sourceTree = "<group>"; };
		69E157EE1F9B944700531207 /* LoginViewController.swift */ = {isa = PBXFileReference; fileEncoding = 4; lastKnownFileType = sourcecode.swift; path = LoginViewController.swift; sourceTree = "<group>"; };
		69E157EF1F9B944700531207 /* AppDelegate.swift */ = {isa = PBXFileReference; fileEncoding = 4; lastKnownFileType = sourcecode.swift; path = AppDelegate.swift; sourceTree = "<group>"; };
		69E157F81F9B944700531207 /* Assets.xcassets */ = {isa = PBXFileReference; lastKnownFileType = folder.assetcatalog; path = Assets.xcassets; sourceTree = "<group>"; };
		69E158011F9B94EE00531207 /* Main.storyboard */ = {isa = PBXFileReference; lastKnownFileType = file.storyboard; path = Main.storyboard; sourceTree = "<group>"; };
		69E158041F9B971400531207 /* ABSRoundedBorderView.swift */ = {isa = PBXFileReference; fileEncoding = 4; lastKnownFileType = sourcecode.swift; path = ABSRoundedBorderView.swift; sourceTree = "<group>"; };
		69E158071F9B97C000531207 /* ABSCircularButton.swift */ = {isa = PBXFileReference; fileEncoding = 4; lastKnownFileType = sourcecode.swift; path = ABSCircularButton.swift; sourceTree = "<group>"; };
		69E158081F9B97C000531207 /* ABSRoundedBorderButton.swift */ = {isa = PBXFileReference; fileEncoding = 4; lastKnownFileType = sourcecode.swift; path = ABSRoundedBorderButton.swift; sourceTree = "<group>"; };
		69E1580A1F9B97C000531207 /* ABSUnderLineButton.swift */ = {isa = PBXFileReference; fileEncoding = 4; lastKnownFileType = sourcecode.swift; path = ABSUnderLineButton.swift; sourceTree = "<group>"; };
		69F5A2371FB946E800A4BA66 /* Hero+CoreDataClass.swift */ = {isa = PBXFileReference; lastKnownFileType = sourcecode.swift; path = "Hero+CoreDataClass.swift"; sourceTree = "<group>"; };
		69F5A2381FB946E800A4BA66 /* Hero+CoreDataProperties.swift */ = {isa = PBXFileReference; lastKnownFileType = sourcecode.swift; path = "Hero+CoreDataProperties.swift"; sourceTree = "<group>"; };
		69F5A2391FB946E800A4BA66 /* HeroTag+CoreDataClass.swift */ = {isa = PBXFileReference; lastKnownFileType = sourcecode.swift; path = "HeroTag+CoreDataClass.swift"; sourceTree = "<group>"; };
		69F5A23A1FB946E800A4BA66 /* HeroTag+CoreDataProperties.swift */ = {isa = PBXFileReference; lastKnownFileType = sourcecode.swift; path = "HeroTag+CoreDataProperties.swift"; sourceTree = "<group>"; };
		D9531DA322D97225AD971D9C /* Pods_HeroesAtWork.framework */ = {isa = PBXFileReference; explicitFileType = wrapper.framework; includeInIndex = 0; path = Pods_HeroesAtWork.framework; sourceTree = BUILT_PRODUCTS_DIR; };
/* End PBXFileReference section */

/* Begin PBXFrameworksBuildPhase section */
		69A1C0FA1F9DA3D000C21437 /* Frameworks */ = {
			isa = PBXFrameworksBuildPhase;
			buildActionMask = 2147483647;
			files = (
			);
			runOnlyForDeploymentPostprocessing = 0;
		};
		69A1C11F1F9DA64700C21437 /* Frameworks */ = {
			isa = PBXFrameworksBuildPhase;
			buildActionMask = 2147483647;
			files = (
				69A1C1271F9DA64700C21437 /* Core.framework in Frameworks */,
			);
			runOnlyForDeploymentPostprocessing = 0;
		};
		69E157BC1F9B923300531207 /* Frameworks */ = {
			isa = PBXFrameworksBuildPhase;
			buildActionMask = 2147483647;
			files = (
				2600CEEA0B5C90A9708AB8D5 /* Pods_HeroesAtWork.framework in Frameworks */,
				690A91281FA0858400B2C402 /* Core.framework in Frameworks */,
			);
			runOnlyForDeploymentPostprocessing = 0;
		};
/* End PBXFrameworksBuildPhase section */

/* Begin PBXGroup section */
		34B64D12E619781B0CC9FE15 /* Frameworks */ = {
			isa = PBXGroup;
			children = (
				6987C6A01FB7E14D00A98201 /* CoreData.framework */,
				D9531DA322D97225AD971D9C /* Pods_HeroesAtWork.framework */,
			);
			name = Frameworks;
			sourceTree = "<group>";
		};
		690A912D1FA08F3400B2C402 /* Base */ = {
			isa = PBXGroup;
			children = (
			);
			path = Base;
			sourceTree = "<group>";
		};
		690A912E1FA0D11F00B2C402 /* ImageViews */ = {
			isa = PBXGroup;
			children = (
				690A912F1FA0D15800B2C402 /* ABSTemplateImageView.swift */,
				691031271FB88E7D0024A725 /* ABSCircularImageView.swift */,
			);
			path = ImageViews;
			sourceTree = "<group>";
		};
		691031231FB88D220024A725 /* TableViewCells */ = {
			isa = PBXGroup;
			children = (
				699AAB4E1FB89A2B00F4EB24 /* GameHistoryCell.swift */,
			);
			path = TableViewCells;
			sourceTree = "<group>";
		};
		691031241FB88D360024A725 /* CollectionViewCells */ = {
			isa = PBXGroup;
			children = (
				691031251FB88D6D0024A725 /* ActiveGameCollectionCell.swift */,
				6996FF3F1FB8B9EE002F1157 /* HeroImageCollectionCell.swift */,
			);
			path = CollectionViewCells;
			sourceTree = "<group>";
		};
		693249551FB9573D00144C61 /* Games */ = {
			isa = PBXGroup;
			children = (
				6987C6A51FB8826700A98201 /* GamesLandingViewController.swift */,
			);
			path = Games;
			sourceTree = "<group>";
		};
		6987C6741FB7BC2B00A98201 /* DataSources */ = {
			isa = PBXGroup;
			children = (
				6987C69C1FB7CD0600A98201 /* HeroDataSource.swift */,
				6987C6A31FB8440B00A98201 /* GameDateSource.swift */,
			);
			path = DataSources;
			sourceTree = "<group>";
		};
		69A1C0FF1F9DA3D100C21437 /* Core */ = {
			isa = PBXGroup;
			children = (
				69A1C10A1F9DA3E200C21437 /* Extensions */,
				69A1C1001F9DA3D100C21437 /* Core.h */,
				69A1C1011F9DA3D100C21437 /* Info.plist */,
			);
			path = Core;
			sourceTree = "<group>";
		};
		69A1C10A1F9DA3E200C21437 /* Extensions */ = {
			isa = PBXGroup;
			children = (
				69A1C10C1F9DA3F900C21437 /* AyniLab */,
				69A1C10B1F9DA3EE00C21437 /* General */,
			);
			path = Extensions;
			sourceTree = "<group>";
		};
		69A1C10B1F9DA3EE00C21437 /* General */ = {
			isa = PBXGroup;
			children = (
				69A1C1321F9DA98900C21437 /* Bundle+Help.swift */,
				6996FED21F9DC78400B3C164 /* Date+Calendar.swift */,
				69A1C13B1F9DAAAD00C21437 /* Date+Help.swift */,
				69A1C13C1F9DAAAD00C21437 /* Date+JavascriptTimestamp.swift */,
				6996FED71F9DEF1000B3C164 /* Date+Time.swift */,
				69A1C13A1F9DAAAD00C21437 /* DateFormatter+Helper.swift */,
				6996FEE71F9EAC0E00B3C164 /* FileManager+Helper.swift */,
				69A1C0C71F9C076000C21437 /* NSError+Helper.swift */,
				6996FED91F9DFB6700B3C164 /* TimeInterval+Help.swift */,
				69A1C0D81F9C076200C21437 /* UIColor+Helper.swift */,
				69A1C0CF1F9C076100C21437 /* UIImage+Color.swift */,
				693BDC021FC1EEFB00079DA2 /* UIImage+String.swift */,
				693BDC051FC25AF900079DA2 /* String+Name.swift */,
			);
			path = General;
			sourceTree = "<group>";
		};
		69A1C10C1F9DA3F900C21437 /* AyniLab */ = {
			isa = PBXGroup;
			children = (
				69A1C0F71F9C078100C21437 /* UIColor+AyniLab.swift */,
				693BDC0A1FC25EFE00079DA2 /* UIImage+AyniLab.swift */,
			);
			path = AyniLab;
			sourceTree = "<group>";
		};
		69A1C1231F9DA64700C21437 /* CoreTests */ = {
			isa = PBXGroup;
			children = (
				69A1C12D1F9DA65900C21437 /* Extensions */,
				69A1C1261F9DA64700C21437 /* Info.plist */,
			);
			path = CoreTests;
			sourceTree = "<group>";
		};
		69A1C12D1F9DA65900C21437 /* Extensions */ = {
			isa = PBXGroup;
			children = (
				69F2EAE21FA04159007AF0E4 /* AyniLab */,
				69A1C12E1F9DA66100C21437 /* General */,
			);
			path = Extensions;
			sourceTree = "<group>";
		};
		69A1C12E1F9DA66100C21437 /* General */ = {
			isa = PBXGroup;
			children = (
				6996FED41F9DC9E900B3C164 /* DateCalendarTest.swift */,
				69A1C1411F9DAF9200C21437 /* DateFormatterHelpTest.swift */,
				6996FECB1F9DC19100B3C164 /* DateHelpTest.swift */,
				6996FECF1F9DC5FF00B3C164 /* DateJavascriptTimestampTest.swift */,
				6996FEE51F9E398F00B3C164 /* DateTimeTest.swift */,
				6996FEEE1F9EBD2F00B3C164 /* FileManagerHelpTest.swift */,
				6996FEE91F9EBC0200B3C164 /* NSErrorHelpTest.swift */,
				6996FEDB1F9DFE1D00B3C164 /* TimeIntervalHelpTest.swift */,
				693BDC071FC25D7800079DA2 /* StringNameTest.swift */,
			);
			path = General;
			sourceTree = "<group>";
		};
		69BF9F401FA035F600966D33 /* Authorization */ = {
			isa = PBXGroup;
			children = (
				69E157EE1F9B944700531207 /* LoginViewController.swift */,
			);
			path = Authorization;
			sourceTree = "<group>";
		};
		69E157B61F9B923300531207 = {
			isa = PBXGroup;
			children = (
				69E157C11F9B923300531207 /* HeroesAtWork */,
				69A1C0FF1F9DA3D100C21437 /* Core */,
				69A1C1231F9DA64700C21437 /* CoreTests */,
				69E157C01F9B923300531207 /* Products */,
				F2826B64773F0CA438835393 /* Pods */,
				34B64D12E619781B0CC9FE15 /* Frameworks */,
			);
			sourceTree = "<group>";
		};
		69E157C01F9B923300531207 /* Products */ = {
			isa = PBXGroup;
			children = (
				69E157BF1F9B923300531207 /* HeroesAtWork.app */,
				69A1C0FE1F9DA3D000C21437 /* Core.framework */,
				69A1C1221F9DA64700C21437 /* CoreTests.xctest */,
			);
			name = Products;
			sourceTree = "<group>";
		};
		69E157C11F9B923300531207 /* HeroesAtWork */ = {
			isa = PBXGroup;
			children = (
				69E157F21F9B944700531207 /* Application Managers */,
				69E157F31F9B944700531207 /* Domain Managers */,
				69E157F41F9B944700531207 /* Extensions */,
				69E157F11F9B944700531207 /* Model */,
				69E157E81F9B944600531207 /* Presentation */,
				69E157F71F9B944700531207 /* Resources */,
				69E157F91F9B944700531207 /* Services */,
				69E157CE1F9B923300531207 /* Info.plist */,
			);
			path = HeroesAtWork;
			sourceTree = "<group>";
		};
		69E157E81F9B944600531207 /* Presentation */ = {
			isa = PBXGroup;
			children = (
				6987C6741FB7BC2B00A98201 /* DataSources */,
				69E157E91F9B944600531207 /* Storyboards */,
				69E157EC1F9B944600531207 /* ViewModel */,
				69E157ED1F9B944600531207 /* ViewControllers */,
				69E157F01F9B944700531207 /* Views */,
				69E157EF1F9B944700531207 /* AppDelegate.swift */,
			);
			path = Presentation;
			sourceTree = "<group>";
		};
		69E157E91F9B944600531207 /* Storyboards */ = {
			isa = PBXGroup;
			children = (
				69E157EA1F9B944600531207 /* LaunchScreen.storyboard */,
				69E157EB1F9B944600531207 /* Authorization.storyboard */,
				69E158011F9B94EE00531207 /* Main.storyboard */,
			);
			path = Storyboards;
			sourceTree = "<group>";
		};
		69E157EC1F9B944600531207 /* ViewModel */ = {
			isa = PBXGroup;
			children = (
			);
			path = ViewModel;
			sourceTree = "<group>";
		};
		69E157ED1F9B944600531207 /* ViewControllers */ = {
			isa = PBXGroup;
			children = (
				690A912D1FA08F3400B2C402 /* Base */,
				69BF9F401FA035F600966D33 /* Authorization */,
				693249551FB9573D00144C61 /* Games */,
				6996FF3D1FB8B48D002F1157 /* TabBarViewController.swift */,
			);
			path = ViewControllers;
			sourceTree = "<group>";
		};
		69E157F01F9B944700531207 /* Views */ = {
			isa = PBXGroup;
			children = (
				69E158061F9B97C000531207 /* Buttons */,
				691031241FB88D360024A725 /* CollectionViewCells */,
				690A912E1FA0D11F00B2C402 /* ImageViews */,
				691031231FB88D220024A725 /* TableViewCells */,
				69E158031F9B96EF00531207 /* View */,
			);
			path = Views;
			sourceTree = "<group>";
		};
		69E157F11F9B944700531207 /* Model */ = {
			isa = PBXGroup;
			children = (
				6987C6751FB7BE4100A98201 /* Model.xcdatamodeld */,
				6987C68C1FB7CC4D00A98201 /* Game+CoreDataClass.swift */,
				6987C68D1FB7CC4D00A98201 /* Game+CoreDataProperties.swift */,
				69F5A2371FB946E800A4BA66 /* Hero+CoreDataClass.swift */,
				69F5A2381FB946E800A4BA66 /* Hero+CoreDataProperties.swift */,
				69F5A2391FB946E800A4BA66 /* HeroTag+CoreDataClass.swift */,
				69F5A23A1FB946E800A4BA66 /* HeroTag+CoreDataProperties.swift */,
				6987C6901FB7CC4D00A98201 /* Notification+CoreDataClass.swift */,
				6987C6911FB7CC4D00A98201 /* Notification+CoreDataProperties.swift */,
				6987C68E1FB7CC4D00A98201 /* Tag+CoreDataClass.swift */,
				6987C68F1FB7CC4D00A98201 /* Tag+CoreDataProperties.swift */,
			);
			path = Model;
			sourceTree = "<group>";
		};
		69E157F21F9B944700531207 /* Application Managers */ = {
			isa = PBXGroup;
			children = (
				696DF9601FA046D70086A583 /* AppereanceManager.swift */,
			);
			path = "Application Managers";
			sourceTree = "<group>";
		};
		69E157F31F9B944700531207 /* Domain Managers */ = {
			isa = PBXGroup;
			children = (
			);
			path = "Domain Managers";
			sourceTree = "<group>";
		};
		69E157F41F9B944700531207 /* Extensions */ = {
			isa = PBXGroup;
			children = (
				69E157F51F9B944700531207 /* General */,
				69E157F61F9B944700531207 /* AyniLab */,
			);
			path = Extensions;
			sourceTree = "<group>";
		};
		69E157F51F9B944700531207 /* General */ = {
			isa = PBXGroup;
			children = (
				69A1C0CE1F9C076100C21437 /* CALayer+Animation.swift */,
				69A1C0D91F9C076200C21437 /* Double+Format.swift */,
				69A1C0D31F9C076100C21437 /* NSNumber+Helper.swift */,
				69A1C0D41F9C076100C21437 /* NSObject+Image.swift */,
				69A1C0CD1F9C076100C21437 /* NumberFormatter+Help.swift */,
				69A1C0DD1F9C076200C21437 /* String+Cast.swift */,
				69A1C0D61F9C076100C21437 /* String+Regex.swift */,
				69A1C0C81F9C076000C21437 /* String+Size.swift */,
				69A1C0DC1F9C076200C21437 /* String+Validation.swift */,
				69A1C0D01F9C076100C21437 /* UIImage+Oritentation.swift */,
				69A1C0DA1F9C076200C21437 /* UINavigationController+Navigation.swift */,
				693BDC0C1FC2659900079DA2 /* UITableView+Help.swift */,
				69A1C0C91F9C076000C21437 /* UIVIew+Help.swift */,
				69A1C0DB1F9C076200C21437 /* UIView+Nib.swift */,
				69A1C0D11F9C076100C21437 /* UIViewController+Alert.swift */,
				69A1C0CB1F9C076100C21437 /* UIViewController+Help.swift */,
				69A1C0CA1F9C076100C21437 /* UIWindow+Transition.swift */,
			);
			path = General;
			sourceTree = "<group>";
		};
		69E157F61F9B944700531207 /* AyniLab */ = {
			isa = PBXGroup;
			children = (
			);
			path = AyniLab;
			sourceTree = "<group>";
		};
		69E157F71F9B944700531207 /* Resources */ = {
			isa = PBXGroup;
			children = (
				69E157F81F9B944700531207 /* Assets.xcassets */,
			);
			path = Resources;
			sourceTree = "<group>";
		};
		69E157F91F9B944700531207 /* Services */ = {
			isa = PBXGroup;
			children = (
				69E158001F9B945E00531207 /* Local */,
				69E157FF1F9B945600531207 /* Network */,
				6987C69E1FB7E12400A98201 /* MockDataService.swift */,
			);
			path = Services;
			sourceTree = "<group>";
		};
		69E157FF1F9B945600531207 /* Network */ = {
			isa = PBXGroup;
			children = (
			);
			path = Network;
			sourceTree = "<group>";
		};
		69E158001F9B945E00531207 /* Local */ = {
			isa = PBXGroup;
			children = (
			);
			path = Local;
			sourceTree = "<group>";
		};
		69E158031F9B96EF00531207 /* View */ = {
			isa = PBXGroup;
			children = (
				69E158041F9B971400531207 /* ABSRoundedBorderView.swift */,
			);
			path = View;
			sourceTree = "<group>";
		};
		69E158061F9B97C000531207 /* Buttons */ = {
			isa = PBXGroup;
			children = (
				69E158071F9B97C000531207 /* ABSCircularButton.swift */,
				69E158081F9B97C000531207 /* ABSRoundedBorderButton.swift */,
				69E1580A1F9B97C000531207 /* ABSUnderLineButton.swift */,
			);
			path = Buttons;
			sourceTree = "<group>";
		};
		69F2EAE21FA04159007AF0E4 /* AyniLab */ = {
			isa = PBXGroup;
			children = (
			);
			path = AyniLab;
			sourceTree = "<group>";
		};
		F2826B64773F0CA438835393 /* Pods */ = {
			isa = PBXGroup;
			children = (
				0E04E2A26242B966A688AC01 /* Pods-HeroesAtWork.debug.xcconfig */,
				2D1189D7C9800682F4D311F0 /* Pods-HeroesAtWork.release.xcconfig */,
			);
			name = Pods;
			sourceTree = "<group>";
		};
/* End PBXGroup section */

/* Begin PBXHeadersBuildPhase section */
		69A1C0FB1F9DA3D000C21437 /* Headers */ = {
			isa = PBXHeadersBuildPhase;
			buildActionMask = 2147483647;
			files = (
				69A1C1021F9DA3D100C21437 /* Core.h in Headers */,
			);
			runOnlyForDeploymentPostprocessing = 0;
		};
/* End PBXHeadersBuildPhase section */

/* Begin PBXNativeTarget section */
		69A1C0FD1F9DA3D000C21437 /* Core */ = {
			isa = PBXNativeTarget;
			buildConfigurationList = 69A1C1071F9DA3D100C21437 /* Build configuration list for PBXNativeTarget "Core" */;
			buildPhases = (
				69A1C0F91F9DA3D000C21437 /* Sources */,
				69A1C0FA1F9DA3D000C21437 /* Frameworks */,
				69A1C0FB1F9DA3D000C21437 /* Headers */,
				69A1C0FC1F9DA3D000C21437 /* Resources */,
			);
			buildRules = (
			);
			dependencies = (
			);
			name = Core;
			productName = Core;
			productReference = 69A1C0FE1F9DA3D000C21437 /* Core.framework */;
			productType = "com.apple.product-type.framework";
		};
		69A1C1211F9DA64700C21437 /* CoreTests */ = {
			isa = PBXNativeTarget;
			buildConfigurationList = 69A1C12A1F9DA64700C21437 /* Build configuration list for PBXNativeTarget "CoreTests" */;
			buildPhases = (
				69A1C11E1F9DA64700C21437 /* Sources */,
				69A1C11F1F9DA64700C21437 /* Frameworks */,
				69A1C1201F9DA64700C21437 /* Resources */,
			);
			buildRules = (
			);
			dependencies = (
				69A1C1291F9DA64700C21437 /* PBXTargetDependency */,
				6985223E1FA0848E007B414C /* PBXTargetDependency */,
			);
			name = CoreTests;
			productName = CoreTests;
			productReference = 69A1C1221F9DA64700C21437 /* CoreTests.xctest */;
			productType = "com.apple.product-type.bundle.unit-test";
		};
		69E157BE1F9B923300531207 /* HeroesAtWork */ = {
			isa = PBXNativeTarget;
			buildConfigurationList = 69E157D11F9B923300531207 /* Build configuration list for PBXNativeTarget "HeroesAtWork" */;
			buildPhases = (
				09327357E8EF968616C7603D /* [CP] Check Pods Manifest.lock */,
				69E157BB1F9B923300531207 /* Sources */,
				69E157BC1F9B923300531207 /* Frameworks */,
				69E157BD1F9B923300531207 /* Resources */,
				40AC11FC5AC097CCD3342C70 /* [CP] Embed Pods Frameworks */,
				B5D8CC0ADF2D02FFFA9806B6 /* [CP] Copy Pods Resources */,
				690A912C1FA0858500B2C402 /* Embed Frameworks */,
			);
			buildRules = (
			);
			dependencies = (
				690A912B1FA0858500B2C402 /* PBXTargetDependency */,
			);
			name = HeroesAtWork;
			productName = HeroesAtWork;
			productReference = 69E157BF1F9B923300531207 /* HeroesAtWork.app */;
			productType = "com.apple.product-type.application";
		};
/* End PBXNativeTarget section */

/* Begin PBXProject section */
		69E157B71F9B923300531207 /* Project object */ = {
			isa = PBXProject;
			attributes = {
				LastSwiftUpdateCheck = 0900;
				LastUpgradeCheck = 0900;
				ORGANIZATIONNAME = AyniGames;
				TargetAttributes = {
					69A1C0FD1F9DA3D000C21437 = {
						CreatedOnToolsVersion = 9.0.1;
						LastSwiftMigration = 0900;
						ProvisioningStyle = Automatic;
					};
					69A1C1211F9DA64700C21437 = {
						CreatedOnToolsVersion = 9.0.1;
						LastSwiftMigration = 0900;
						ProvisioningStyle = Automatic;
						TestTargetID = 69E157BE1F9B923300531207;
					};
					69E157BE1F9B923300531207 = {
						CreatedOnToolsVersion = 9.0.1;
						ProvisioningStyle = Automatic;
					};
				};
			};
			buildConfigurationList = 69E157BA1F9B923300531207 /* Build configuration list for PBXProject "HeroesAtWork" */;
			compatibilityVersion = "Xcode 8.0";
			developmentRegion = en;
			hasScannedForEncodings = 0;
			knownRegions = (
				en,
				Base,
			);
			mainGroup = 69E157B61F9B923300531207;
			productRefGroup = 69E157C01F9B923300531207 /* Products */;
			projectDirPath = "";
			projectRoot = "";
			targets = (
				69E157BE1F9B923300531207 /* HeroesAtWork */,
				69A1C0FD1F9DA3D000C21437 /* Core */,
				69A1C1211F9DA64700C21437 /* CoreTests */,
			);
		};
/* End PBXProject section */

/* Begin PBXResourcesBuildPhase section */
		69A1C0FC1F9DA3D000C21437 /* Resources */ = {
			isa = PBXResourcesBuildPhase;
			buildActionMask = 2147483647;
			files = (
			);
			runOnlyForDeploymentPostprocessing = 0;
		};
		69A1C1201F9DA64700C21437 /* Resources */ = {
			isa = PBXResourcesBuildPhase;
			buildActionMask = 2147483647;
			files = (
			);
			runOnlyForDeploymentPostprocessing = 0;
		};
		69E157BD1F9B923300531207 /* Resources */ = {
			isa = PBXResourcesBuildPhase;
			buildActionMask = 2147483647;
			files = (
				69E157FA1F9B944700531207 /* LaunchScreen.storyboard in Resources */,
				69E157FE1F9B944700531207 /* Assets.xcassets in Resources */,
				69E157FB1F9B944700531207 /* Authorization.storyboard in Resources */,
				69E158021F9B94EE00531207 /* Main.storyboard in Resources */,
			);
			runOnlyForDeploymentPostprocessing = 0;
		};
/* End PBXResourcesBuildPhase section */

/* Begin PBXShellScriptBuildPhase section */
		09327357E8EF968616C7603D /* [CP] Check Pods Manifest.lock */ = {
			isa = PBXShellScriptBuildPhase;
			buildActionMask = 2147483647;
			files = (
			);
			inputPaths = (
				"${PODS_PODFILE_DIR_PATH}/Podfile.lock",
				"${PODS_ROOT}/Manifest.lock",
			);
			name = "[CP] Check Pods Manifest.lock";
			outputPaths = (
				"$(DERIVED_FILE_DIR)/Pods-HeroesAtWork-checkManifestLockResult.txt",
			);
			runOnlyForDeploymentPostprocessing = 0;
			shellPath = /bin/sh;
			shellScript = "diff \"${PODS_PODFILE_DIR_PATH}/Podfile.lock\" \"${PODS_ROOT}/Manifest.lock\" > /dev/null\nif [ $? != 0 ] ; then\n    # print error to STDERR\n    echo \"error: The sandbox is not in sync with the Podfile.lock. Run 'pod install' or update your CocoaPods installation.\" >&2\n    exit 1\nfi\n# This output is used by Xcode 'outputs' to avoid re-running this script phase.\necho \"SUCCESS\" > \"${SCRIPT_OUTPUT_FILE_0}\"\n";
			showEnvVarsInLog = 0;
		};
		40AC11FC5AC097CCD3342C70 /* [CP] Embed Pods Frameworks */ = {
			isa = PBXShellScriptBuildPhase;
			buildActionMask = 2147483647;
			files = (
			);
			inputPaths = (
				"${SRCROOT}/Pods/Target Support Files/Pods-HeroesAtWork/Pods-HeroesAtWork-frameworks.sh",
				"${BUILT_PRODUCTS_DIR}/Alamofire/Alamofire.framework",
				"${BUILT_PRODUCTS_DIR}/AlamofireImage/AlamofireImage.framework",
				"${BUILT_PRODUCTS_DIR}/IQKeyboardManagerSwift/IQKeyboardManagerSwift.framework",
				"${BUILT_PRODUCTS_DIR}/MagicalRecord/MagicalRecord.framework",
			);
			name = "[CP] Embed Pods Frameworks";
			outputPaths = (
				"${TARGET_BUILD_DIR}/${FRAMEWORKS_FOLDER_PATH}/Alamofire.framework",
				"${TARGET_BUILD_DIR}/${FRAMEWORKS_FOLDER_PATH}/AlamofireImage.framework",
				"${TARGET_BUILD_DIR}/${FRAMEWORKS_FOLDER_PATH}/IQKeyboardManagerSwift.framework",
				"${TARGET_BUILD_DIR}/${FRAMEWORKS_FOLDER_PATH}/MagicalRecord.framework",
			);
			runOnlyForDeploymentPostprocessing = 0;
			shellPath = /bin/sh;
			shellScript = "\"${SRCROOT}/Pods/Target Support Files/Pods-HeroesAtWork/Pods-HeroesAtWork-frameworks.sh\"\n";
			showEnvVarsInLog = 0;
		};
		B5D8CC0ADF2D02FFFA9806B6 /* [CP] Copy Pods Resources */ = {
			isa = PBXShellScriptBuildPhase;
			buildActionMask = 2147483647;
			files = (
			);
			inputPaths = (
			);
			name = "[CP] Copy Pods Resources";
			outputPaths = (
			);
			runOnlyForDeploymentPostprocessing = 0;
			shellPath = /bin/sh;
			shellScript = "\"${SRCROOT}/Pods/Target Support Files/Pods-HeroesAtWork/Pods-HeroesAtWork-resources.sh\"\n";
			showEnvVarsInLog = 0;
		};
/* End PBXShellScriptBuildPhase section */

/* Begin PBXSourcesBuildPhase section */
		69A1C0F91F9DA3D000C21437 /* Sources */ = {
			isa = PBXSourcesBuildPhase;
			buildActionMask = 2147483647;
			files = (
				696DF9621FA082E80086A583 /* UIColor+AyniLab.swift in Sources */,
				693BDC061FC25AF900079DA2 /* String+Name.swift in Sources */,
				693BDC0B1FC25EFE00079DA2 /* UIImage+AyniLab.swift in Sources */,
				69A1C13E1F9DAAAD00C21437 /* Date+Help.swift in Sources */,
				6996FEE81F9EAC0E00B3C164 /* FileManager+Helper.swift in Sources */,
				69A1C13F1F9DAAAD00C21437 /* Date+JavascriptTimestamp.swift in Sources */,
				6996FEEB1F9EBC2E00B3C164 /* NSError+Helper.swift in Sources */,
				69946C5C1FBB1DE300C2CBA5 /* UIImage+Color.swift in Sources */,
				6996FED31F9DC78400B3C164 /* Date+Calendar.swift in Sources */,
				69A1C1331F9DA98900C21437 /* Bundle+Help.swift in Sources */,
				6996FEDA1F9DFB6700B3C164 /* TimeInterval+Help.swift in Sources */,
				696DF9641FA082F60086A583 /* UIColor+Helper.swift in Sources */,
				693BDC031FC1EEFB00079DA2 /* UIImage+String.swift in Sources */,
				6996FED81F9DEF1000B3C164 /* Date+Time.swift in Sources */,
				69A1C13D1F9DAAAD00C21437 /* DateFormatter+Helper.swift in Sources */,
			);
			runOnlyForDeploymentPostprocessing = 0;
		};
		69A1C11E1F9DA64700C21437 /* Sources */ = {
			isa = PBXSourcesBuildPhase;
			buildActionMask = 2147483647;
			files = (
				6996FED01F9DC5FF00B3C164 /* DateJavascriptTimestampTest.swift in Sources */,
				6996FEE41F9DFEA800B3C164 /* TimeInterval+Help.swift in Sources */,
				6996FEE21F9DFEA800B3C164 /* Date+Time.swift in Sources */,
				693BDC091FC25DBB00079DA2 /* String+Name.swift in Sources */,
				6996FEDF1F9DFEA800B3C164 /* Date+Calendar.swift in Sources */,
				6996FEED1F9EBC3F00B3C164 /* FileManager+Helper.swift in Sources */,
				6996FEE01F9DFEA800B3C164 /* Date+Help.swift in Sources */,
				6996FEEA1F9EBC0200B3C164 /* NSErrorHelpTest.swift in Sources */,
				6996FEE31F9DFEA800B3C164 /* DateFormatter+Helper.swift in Sources */,
				6996FEEF1F9EBD2F00B3C164 /* FileManagerHelpTest.swift in Sources */,
				6996FED51F9DC9E900B3C164 /* DateCalendarTest.swift in Sources */,
				6996FEDC1F9DFE1D00B3C164 /* TimeIntervalHelpTest.swift in Sources */,
				6996FEE11F9DFEA800B3C164 /* Date+JavascriptTimestamp.swift in Sources */,
				693BDC081FC25D7800079DA2 /* StringNameTest.swift in Sources */,
				696DF9631FA082E90086A583 /* UIColor+AyniLab.swift in Sources */,
				69A1C1421F9DAF9200C21437 /* DateFormatterHelpTest.swift in Sources */,
				6996FEEC1F9EBC3000B3C164 /* NSError+Helper.swift in Sources */,
				6996FEE61F9E398F00B3C164 /* DateTimeTest.swift in Sources */,
				6996FECC1F9DC19100B3C164 /* DateHelpTest.swift in Sources */,
				69F2EAE11FA04090007AF0E4 /* UIColor+Helper.swift in Sources */,
			);
			runOnlyForDeploymentPostprocessing = 0;
		};
		69E157BB1F9B923300531207 /* Sources */ = {
			isa = PBXSourcesBuildPhase;
			buildActionMask = 2147483647;
			files = (
				696DF9611FA046D70086A583 /* AppereanceManager.swift in Sources */,
				69A1C0E51F9C076200C21437 /* NumberFormatter+Help.swift in Sources */,
				69A1C0E81F9C076200C21437 /* UIImage+Oritentation.swift in Sources */,
				69A1C0F51F9C076200C21437 /* String+Cast.swift in Sources */,
				6987C6971FB7CC4D00A98201 /* Game+CoreDataProperties.swift in Sources */,
				69A1C0EE1F9C076200C21437 /* String+Regex.swift in Sources */,
				6987C6771FB7BE4100A98201 /* Model.xcdatamodeld in Sources */,
				6987C6A41FB8440B00A98201 /* GameDateSource.swift in Sources */,
				69E1580F1F9B97C000531207 /* ABSUnderLineButton.swift in Sources */,
				69A1C0E91F9C076200C21437 /* UIViewController+Alert.swift in Sources */,
				6987C6991FB7CC4D00A98201 /* Tag+CoreDataProperties.swift in Sources */,
				69F5A23B1FB946E800A4BA66 /* Hero+CoreDataClass.swift in Sources */,
				6996FF3E1FB8B48D002F1157 /* TabBarViewController.swift in Sources */,
				69A1C0F11F9C076200C21437 /* Double+Format.swift in Sources */,
				69F5A23E1FB946E800A4BA66 /* HeroTag+CoreDataProperties.swift in Sources */,
				69F5A23C1FB946E800A4BA66 /* Hero+CoreDataProperties.swift in Sources */,
				6987C6A61FB8826700A98201 /* GamesLandingViewController.swift in Sources */,
				690A91301FA0D15800B2C402 /* ABSTemplateImageView.swift in Sources */,
				69A1C0E11F9C076200C21437 /* UIVIew+Help.swift in Sources */,
				69A1C0E21F9C076200C21437 /* UIWindow+Transition.swift in Sources */,
				69A1C0E01F9C076200C21437 /* String+Size.swift in Sources */,
				69F5A23D1FB946E800A4BA66 /* HeroTag+CoreDataClass.swift in Sources */,
				69A1C0F31F9C076200C21437 /* UIView+Nib.swift in Sources */,
				6987C6981FB7CC4D00A98201 /* Tag+CoreDataClass.swift in Sources */,
				6987C6961FB7CC4D00A98201 /* Game+CoreDataClass.swift in Sources */,
				691031281FB88E7D0024A725 /* ABSCircularImageView.swift in Sources */,
				69E1580D1F9B97C000531207 /* ABSRoundedBorderButton.swift in Sources */,
				69E158051F9B971400531207 /* ABSRoundedBorderView.swift in Sources */,
				6987C69B1FB7CC4D00A98201 /* Notification+CoreDataProperties.swift in Sources */,
				693BDC0D1FC2659900079DA2 /* UITableView+Help.swift in Sources */,
				699AAB4F1FB89A2B00F4EB24 /* GameHistoryCell.swift in Sources */,
				69E1580C1F9B97C000531207 /* ABSCircularButton.swift in Sources */,
				69A1C0EC1F9C076200C21437 /* NSObject+Image.swift in Sources */,
				69A1C0EB1F9C076200C21437 /* NSNumber+Helper.swift in Sources */,
				69E157FD1F9B944700531207 /* AppDelegate.swift in Sources */,
				6996FF401FB8B9EE002F1157 /* HeroImageCollectionCell.swift in Sources */,
				69E157FC1F9B944700531207 /* LoginViewController.swift in Sources */,
				6987C69F1FB7E12400A98201 /* MockDataService.swift in Sources */,
				69A1C0E61F9C076200C21437 /* CALayer+Animation.swift in Sources */,
				6987C69A1FB7CC4D00A98201 /* Notification+CoreDataClass.swift in Sources */,
				69A1C0F21F9C076200C21437 /* UINavigationController+Navigation.swift in Sources */,
				69A1C0E31F9C076200C21437 /* UIViewController+Help.swift in Sources */,
				6987C69D1FB7CD0600A98201 /* HeroDataSource.swift in Sources */,
				69A1C0F41F9C076200C21437 /* String+Validation.swift in Sources */,
				691031261FB88D6D0024A725 /* ActiveGameCollectionCell.swift in Sources */,
			);
			runOnlyForDeploymentPostprocessing = 0;
		};
/* End PBXSourcesBuildPhase section */

/* Begin PBXTargetDependency section */
		690A912B1FA0858500B2C402 /* PBXTargetDependency */ = {
			isa = PBXTargetDependency;
			target = 69A1C0FD1F9DA3D000C21437 /* Core */;
			targetProxy = 690A912A1FA0858500B2C402 /* PBXContainerItemProxy */;
		};
		6985223E1FA0848E007B414C /* PBXTargetDependency */ = {
			isa = PBXTargetDependency;
			target = 69E157BE1F9B923300531207 /* HeroesAtWork */;
			targetProxy = 6985223D1FA0848E007B414C /* PBXContainerItemProxy */;
		};
		69A1C1291F9DA64700C21437 /* PBXTargetDependency */ = {
			isa = PBXTargetDependency;
			target = 69A1C0FD1F9DA3D000C21437 /* Core */;
			targetProxy = 69A1C1281F9DA64700C21437 /* PBXContainerItemProxy */;
		};
/* End PBXTargetDependency section */

/* Begin XCBuildConfiguration section */
		69A1C1081F9DA3D100C21437 /* Debug */ = {
			isa = XCBuildConfiguration;
			buildSettings = {
				CLANG_ENABLE_MODULES = YES;
				CODE_SIGN_IDENTITY = "";
				CODE_SIGN_STYLE = Automatic;
				CURRENT_PROJECT_VERSION = 1;
				DEFINES_MODULE = YES;
				DEVELOPMENT_TEAM = H9MAL9P855;
				DYLIB_COMPATIBILITY_VERSION = 1;
				DYLIB_CURRENT_VERSION = 1;
				DYLIB_INSTALL_NAME_BASE = "@rpath";
				INFOPLIST_FILE = Core/Info.plist;
				INSTALL_PATH = "$(LOCAL_LIBRARY_DIR)/Frameworks";
				IPHONEOS_DEPLOYMENT_TARGET = 10.0;
				LD_RUNPATH_SEARCH_PATHS = "$(inherited) @executable_path/Frameworks @loader_path/Frameworks";
				PRODUCT_BUNDLE_IDENTIFIER = pe.com.aynigames.Core;
				PRODUCT_NAME = "$(TARGET_NAME:c99extidentifier)";
				SKIP_INSTALL = YES;
				SWIFT_OPTIMIZATION_LEVEL = "-Onone";
				SWIFT_VERSION = 4.0;
				TARGETED_DEVICE_FAMILY = "1,2";
				VERSIONING_SYSTEM = "apple-generic";
				VERSION_INFO_PREFIX = "";
			};
			name = Debug;
		};
		69A1C1091F9DA3D100C21437 /* Release */ = {
			isa = XCBuildConfiguration;
			buildSettings = {
				CLANG_ENABLE_MODULES = YES;
				CODE_SIGN_IDENTITY = "";
				CODE_SIGN_STYLE = Automatic;
				CURRENT_PROJECT_VERSION = 1;
				DEFINES_MODULE = YES;
				DEVELOPMENT_TEAM = H9MAL9P855;
				DYLIB_COMPATIBILITY_VERSION = 1;
				DYLIB_CURRENT_VERSION = 1;
				DYLIB_INSTALL_NAME_BASE = "@rpath";
				INFOPLIST_FILE = Core/Info.plist;
				INSTALL_PATH = "$(LOCAL_LIBRARY_DIR)/Frameworks";
				IPHONEOS_DEPLOYMENT_TARGET = 10.0;
				LD_RUNPATH_SEARCH_PATHS = "$(inherited) @executable_path/Frameworks @loader_path/Frameworks";
				PRODUCT_BUNDLE_IDENTIFIER = pe.com.aynigames.Core;
				PRODUCT_NAME = "$(TARGET_NAME:c99extidentifier)";
				SKIP_INSTALL = YES;
				SWIFT_VERSION = 4.0;
				TARGETED_DEVICE_FAMILY = "1,2";
				VERSIONING_SYSTEM = "apple-generic";
				VERSION_INFO_PREFIX = "";
			};
			name = Release;
		};
		69A1C12B1F9DA64700C21437 /* Debug */ = {
			isa = XCBuildConfiguration;
			buildSettings = {
				ALWAYS_EMBED_SWIFT_STANDARD_LIBRARIES = YES;
				CLANG_ENABLE_MODULES = YES;
				CODE_SIGN_STYLE = Automatic;
				DEVELOPMENT_TEAM = H9MAL9P855;
				INFOPLIST_FILE = CoreTests/Info.plist;
				IPHONEOS_DEPLOYMENT_TARGET = 11.0;
				LD_RUNPATH_SEARCH_PATHS = "$(inherited) @executable_path/Frameworks @loader_path/Frameworks";
				PRODUCT_BUNDLE_IDENTIFIER = pe.com.aynigames.CoreTests;
				PRODUCT_NAME = "$(TARGET_NAME)";
				SWIFT_OBJC_BRIDGING_HEADER = "";
				SWIFT_OPTIMIZATION_LEVEL = "-Onone";
				SWIFT_VERSION = 4.0;
				TARGETED_DEVICE_FAMILY = "1,2";
				TEST_HOST = "$(BUILT_PRODUCTS_DIR)/HeroesAtWork.app/HeroesAtWork";
			};
			name = Debug;
		};
		69A1C12C1F9DA64700C21437 /* Release */ = {
			isa = XCBuildConfiguration;
			buildSettings = {
				ALWAYS_EMBED_SWIFT_STANDARD_LIBRARIES = YES;
				CLANG_ENABLE_MODULES = YES;
				CODE_SIGN_STYLE = Automatic;
				DEVELOPMENT_TEAM = H9MAL9P855;
				INFOPLIST_FILE = CoreTests/Info.plist;
				IPHONEOS_DEPLOYMENT_TARGET = 11.0;
				LD_RUNPATH_SEARCH_PATHS = "$(inherited) @executable_path/Frameworks @loader_path/Frameworks";
				PRODUCT_BUNDLE_IDENTIFIER = pe.com.aynigames.CoreTests;
				PRODUCT_NAME = "$(TARGET_NAME)";
				SWIFT_OBJC_BRIDGING_HEADER = "";
				SWIFT_VERSION = 4.0;
				TARGETED_DEVICE_FAMILY = "1,2";
				TEST_HOST = "$(BUILT_PRODUCTS_DIR)/HeroesAtWork.app/HeroesAtWork";
			};
			name = Release;
		};
		69E157CF1F9B923300531207 /* Debug */ = {
			isa = XCBuildConfiguration;
			buildSettings = {
				ALWAYS_SEARCH_USER_PATHS = NO;
				CLANG_ANALYZER_NONNULL = YES;
				CLANG_ANALYZER_NUMBER_OBJECT_CONVERSION = YES_AGGRESSIVE;
				CLANG_CXX_LANGUAGE_STANDARD = "gnu++14";
				CLANG_CXX_LIBRARY = "libc++";
				CLANG_ENABLE_MODULES = YES;
				CLANG_ENABLE_OBJC_ARC = YES;
				CLANG_WARN_BLOCK_CAPTURE_AUTORELEASING = YES;
				CLANG_WARN_BOOL_CONVERSION = YES;
				CLANG_WARN_COMMA = YES;
				CLANG_WARN_CONSTANT_CONVERSION = YES;
				CLANG_WARN_DIRECT_OBJC_ISA_USAGE = YES_ERROR;
				CLANG_WARN_DOCUMENTATION_COMMENTS = YES;
				CLANG_WARN_EMPTY_BODY = YES;
				CLANG_WARN_ENUM_CONVERSION = YES;
				CLANG_WARN_INFINITE_RECURSION = YES;
				CLANG_WARN_INT_CONVERSION = YES;
				CLANG_WARN_NON_LITERAL_NULL_CONVERSION = YES;
				CLANG_WARN_OBJC_LITERAL_CONVERSION = YES;
				CLANG_WARN_OBJC_ROOT_CLASS = YES_ERROR;
				CLANG_WARN_RANGE_LOOP_ANALYSIS = YES;
				CLANG_WARN_STRICT_PROTOTYPES = YES;
				CLANG_WARN_SUSPICIOUS_MOVE = YES;
				CLANG_WARN_UNGUARDED_AVAILABILITY = YES_AGGRESSIVE;
				CLANG_WARN_UNREACHABLE_CODE = YES;
				CLANG_WARN__DUPLICATE_METHOD_MATCH = YES;
				CODE_SIGN_IDENTITY = "iPhone Developer";
				COPY_PHASE_STRIP = NO;
				DEBUG_INFORMATION_FORMAT = dwarf;
				ENABLE_STRICT_OBJC_MSGSEND = YES;
				ENABLE_TESTABILITY = YES;
				GCC_C_LANGUAGE_STANDARD = gnu11;
				GCC_DYNAMIC_NO_PIC = NO;
				GCC_NO_COMMON_BLOCKS = YES;
				GCC_OPTIMIZATION_LEVEL = 0;
				GCC_PREPROCESSOR_DEFINITIONS = (
					"DEBUG=1",
					"$(inherited)",
				);
				GCC_WARN_64_TO_32_BIT_CONVERSION = YES;
				GCC_WARN_ABOUT_RETURN_TYPE = YES_ERROR;
				GCC_WARN_UNDECLARED_SELECTOR = YES;
				GCC_WARN_UNINITIALIZED_AUTOS = YES_AGGRESSIVE;
				GCC_WARN_UNUSED_FUNCTION = YES;
				GCC_WARN_UNUSED_VARIABLE = YES;
				IPHONEOS_DEPLOYMENT_TARGET = 10.0;
				MTL_ENABLE_DEBUG_INFO = YES;
				ONLY_ACTIVE_ARCH = YES;
				SDKROOT = iphoneos;
				SWIFT_ACTIVE_COMPILATION_CONDITIONS = DEBUG;
				SWIFT_OPTIMIZATION_LEVEL = "-Onone";
			};
			name = Debug;
		};
		69E157D01F9B923300531207 /* Release */ = {
			isa = XCBuildConfiguration;
			buildSettings = {
				ALWAYS_SEARCH_USER_PATHS = NO;
				CLANG_ANALYZER_NONNULL = YES;
				CLANG_ANALYZER_NUMBER_OBJECT_CONVERSION = YES_AGGRESSIVE;
				CLANG_CXX_LANGUAGE_STANDARD = "gnu++14";
				CLANG_CXX_LIBRARY = "libc++";
				CLANG_ENABLE_MODULES = YES;
				CLANG_ENABLE_OBJC_ARC = YES;
				CLANG_WARN_BLOCK_CAPTURE_AUTORELEASING = YES;
				CLANG_WARN_BOOL_CONVERSION = YES;
				CLANG_WARN_COMMA = YES;
				CLANG_WARN_CONSTANT_CONVERSION = YES;
				CLANG_WARN_DIRECT_OBJC_ISA_USAGE = YES_ERROR;
				CLANG_WARN_DOCUMENTATION_COMMENTS = YES;
				CLANG_WARN_EMPTY_BODY = YES;
				CLANG_WARN_ENUM_CONVERSION = YES;
				CLANG_WARN_INFINITE_RECURSION = YES;
				CLANG_WARN_INT_CONVERSION = YES;
				CLANG_WARN_NON_LITERAL_NULL_CONVERSION = YES;
				CLANG_WARN_OBJC_LITERAL_CONVERSION = YES;
				CLANG_WARN_OBJC_ROOT_CLASS = YES_ERROR;
				CLANG_WARN_RANGE_LOOP_ANALYSIS = YES;
				CLANG_WARN_STRICT_PROTOTYPES = YES;
				CLANG_WARN_SUSPICIOUS_MOVE = YES;
				CLANG_WARN_UNGUARDED_AVAILABILITY = YES_AGGRESSIVE;
				CLANG_WARN_UNREACHABLE_CODE = YES;
				CLANG_WARN__DUPLICATE_METHOD_MATCH = YES;
				CODE_SIGN_IDENTITY = "iPhone Developer";
				COPY_PHASE_STRIP = NO;
				DEBUG_INFORMATION_FORMAT = "dwarf-with-dsym";
				ENABLE_NS_ASSERTIONS = NO;
				ENABLE_STRICT_OBJC_MSGSEND = YES;
				GCC_C_LANGUAGE_STANDARD = gnu11;
				GCC_NO_COMMON_BLOCKS = YES;
				GCC_WARN_64_TO_32_BIT_CONVERSION = YES;
				GCC_WARN_ABOUT_RETURN_TYPE = YES_ERROR;
				GCC_WARN_UNDECLARED_SELECTOR = YES;
				GCC_WARN_UNINITIALIZED_AUTOS = YES_AGGRESSIVE;
				GCC_WARN_UNUSED_FUNCTION = YES;
				GCC_WARN_UNUSED_VARIABLE = YES;
				IPHONEOS_DEPLOYMENT_TARGET = 10.0;
				MTL_ENABLE_DEBUG_INFO = NO;
				SDKROOT = iphoneos;
				SWIFT_OPTIMIZATION_LEVEL = "-Owholemodule";
				VALIDATE_PRODUCT = YES;
			};
			name = Release;
		};
		69E157D21F9B923300531207 /* Debug */ = {
			isa = XCBuildConfiguration;
			baseConfigurationReference = 0E04E2A26242B966A688AC01 /* Pods-HeroesAtWork.debug.xcconfig */;
			buildSettings = {
				ALWAYS_EMBED_SWIFT_STANDARD_LIBRARIES = YES;
				ASSETCATALOG_COMPILER_APPICON_NAME = AppIcon;
				CODE_SIGN_STYLE = Automatic;
				DEVELOPMENT_TEAM = H9MAL9P855;
				INFOPLIST_FILE = HeroesAtWork/Info.plist;
				LD_RUNPATH_SEARCH_PATHS = "$(inherited) @executable_path/Frameworks";
				PRODUCT_BUNDLE_IDENTIFIER = pe.com.aynigames.HeroesAtWork;
				PRODUCT_NAME = "$(TARGET_NAME)";
				SWIFT_VERSION = 4.0;
				TARGETED_DEVICE_FAMILY = "1,2";
			};
			name = Debug;
		};
		69E157D31F9B923300531207 /* Release */ = {
			isa = XCBuildConfiguration;
			baseConfigurationReference = 2D1189D7C9800682F4D311F0 /* Pods-HeroesAtWork.release.xcconfig */;
			buildSettings = {
				ALWAYS_EMBED_SWIFT_STANDARD_LIBRARIES = YES;
				ASSETCATALOG_COMPILER_APPICON_NAME = AppIcon;
				CODE_SIGN_STYLE = Automatic;
				DEVELOPMENT_TEAM = H9MAL9P855;
				INFOPLIST_FILE = HeroesAtWork/Info.plist;
				LD_RUNPATH_SEARCH_PATHS = "$(inherited) @executable_path/Frameworks";
				PRODUCT_BUNDLE_IDENTIFIER = pe.com.aynigames.HeroesAtWork;
				PRODUCT_NAME = "$(TARGET_NAME)";
				SWIFT_VERSION = 4.0;
				TARGETED_DEVICE_FAMILY = "1,2";
			};
			name = Release;
		};
/* End XCBuildConfiguration section */

/* Begin XCConfigurationList section */
		69A1C1071F9DA3D100C21437 /* Build configuration list for PBXNativeTarget "Core" */ = {
			isa = XCConfigurationList;
			buildConfigurations = (
				69A1C1081F9DA3D100C21437 /* Debug */,
				69A1C1091F9DA3D100C21437 /* Release */,
			);
			defaultConfigurationIsVisible = 0;
			defaultConfigurationName = Release;
		};
		69A1C12A1F9DA64700C21437 /* Build configuration list for PBXNativeTarget "CoreTests" */ = {
			isa = XCConfigurationList;
			buildConfigurations = (
				69A1C12B1F9DA64700C21437 /* Debug */,
				69A1C12C1F9DA64700C21437 /* Release */,
			);
			defaultConfigurationIsVisible = 0;
			defaultConfigurationName = Release;
		};
		69E157BA1F9B923300531207 /* Build configuration list for PBXProject "HeroesAtWork" */ = {
			isa = XCConfigurationList;
			buildConfigurations = (
				69E157CF1F9B923300531207 /* Debug */,
				69E157D01F9B923300531207 /* Release */,
			);
			defaultConfigurationIsVisible = 0;
			defaultConfigurationName = Release;
		};
		69E157D11F9B923300531207 /* Build configuration list for PBXNativeTarget "HeroesAtWork" */ = {
			isa = XCConfigurationList;
			buildConfigurations = (
				69E157D21F9B923300531207 /* Debug */,
				69E157D31F9B923300531207 /* Release */,
			);
			defaultConfigurationIsVisible = 0;
			defaultConfigurationName = Release;
		};
/* End XCConfigurationList section */

/* Begin XCVersionGroup section */
		6987C6751FB7BE4100A98201 /* Model.xcdatamodeld */ = {
			isa = XCVersionGroup;
			children = (
				6987C6761FB7BE4100A98201 /* Model.xcdatamodel */,
			);
			currentVersion = 6987C6761FB7BE4100A98201 /* Model.xcdatamodel */;
			path = Model.xcdatamodeld;
			sourceTree = "<group>";
			versionGroupType = wrapper.xcdatamodel;
		};
/* End XCVersionGroup section */
	};
	rootObject = 69E157B71F9B923300531207 /* Project object */;
}
